// !$*UTF8*$!
{
	archiveVersion = 1;
	classes = {
	};
	objectVersion = 51;
	objects = {

/* Begin PBXBuildFile section */
		B70062BF272D937D00639CBE /* CommunityDetailEventManager.swift in Sources */ = {isa = PBXBuildFile; fileRef = B70062BE272D937D00639CBE /* CommunityDetailEventManager.swift */; };
		B70062C1272D93C700639CBE /* CommunityPin.swift in Sources */ = {isa = PBXBuildFile; fileRef = B70062C0272D93C700639CBE /* CommunityPin.swift */; };
		B70062C3272DA6BA00639CBE /* CommunityContentVC.swift in Sources */ = {isa = PBXBuildFile; fileRef = B70062C2272DA6BA00639CBE /* CommunityContentVC.swift */; };
		B70062C5272DB1AF00639CBE /* CommunityContentViewModel.swift in Sources */ = {isa = PBXBuildFile; fileRef = B70062C4272DB1AF00639CBE /* CommunityContentViewModel.swift */; };
		B70228E7274E8DA300D412A4 /* Extension+String.swift in Sources */ = {isa = PBXBuildFile; fileRef = B70228E6274E8DA300D412A4 /* Extension+String.swift */; };
		B70228E9274EA4B600D412A4 /* CertificationVC.swift in Sources */ = {isa = PBXBuildFile; fileRef = B70228E8274EA4B600D412A4 /* CertificationVC.swift */; };
		B70253E7273ADC3500119E4E /* Extension+UIImage.swift in Sources */ = {isa = PBXBuildFile; fileRef = B70253E6273ADC3500119E4E /* Extension+UIImage.swift */; };
		B704D48026DBCE6800DB20D2 /* AnimationManager.swift in Sources */ = {isa = PBXBuildFile; fileRef = B704D47F26DBCE6800DB20D2 /* AnimationManager.swift */; };
		B704F03C26E36C5900DA9E06 /* Cell.swift in Sources */ = {isa = PBXBuildFile; fileRef = B704F03B26E36C5900DA9E06 /* Cell.swift */; };
		B706B767274546B60017CBB0 /* LoginVC.swift in Sources */ = {isa = PBXBuildFile; fileRef = B706B766274546B60017CBB0 /* LoginVC.swift */; };
		B706B76C274564810017CBB0 /* Extension+UIButton.swift in Sources */ = {isa = PBXBuildFile; fileRef = B706B76B274564810017CBB0 /* Extension+UIButton.swift */; };
		B706B76E274565DC0017CBB0 /* Button.swift in Sources */ = {isa = PBXBuildFile; fileRef = B706B76D274565DC0017CBB0 /* Button.swift */; };
		B706B77027460D6C0017CBB0 /* TextField.swift in Sources */ = {isa = PBXBuildFile; fileRef = B706B76F27460D6C0017CBB0 /* TextField.swift */; };
		B709090026E1FD990075BF50 /* SearchViewModel.swift in Sources */ = {isa = PBXBuildFile; fileRef = B70908FF26E1FD990075BF50 /* SearchViewModel.swift */; };
		B709090326E2006E0075BF50 /* SearchViewEventManager.swift in Sources */ = {isa = PBXBuildFile; fileRef = B709090226E2006E0075BF50 /* SearchViewEventManager.swift */; };
		B709090626E263620075BF50 /* GetKeywordPinAPI.swift in Sources */ = {isa = PBXBuildFile; fileRef = B709090526E263620075BF50 /* GetKeywordPinAPI.swift */; };
		B709090926E273840075BF50 /* HomeResponse.swift in Sources */ = {isa = PBXBuildFile; fileRef = B709090826E273840075BF50 /* HomeResponse.swift */; };
		B70ADB8926FF8902007997E2 /* GetCardByPinId.swift in Sources */ = {isa = PBXBuildFile; fileRef = B70ADB8826FF8902007997E2 /* GetCardByPinId.swift */; };
		B70CFC2126BFD82500B7DA74 /* AppDelegate.swift in Sources */ = {isa = PBXBuildFile; fileRef = B70CFC2026BFD82500B7DA74 /* AppDelegate.swift */; };
		B70CFC2326BFD82500B7DA74 /* SceneDelegate.swift in Sources */ = {isa = PBXBuildFile; fileRef = B70CFC2226BFD82500B7DA74 /* SceneDelegate.swift */; };
		B70CFC2526BFD82500B7DA74 /* ViewController.swift in Sources */ = {isa = PBXBuildFile; fileRef = B70CFC2426BFD82500B7DA74 /* ViewController.swift */; };
		B70CFC2A26BFD82600B7DA74 /* Assets.xcassets in Resources */ = {isa = PBXBuildFile; fileRef = B70CFC2926BFD82600B7DA74 /* Assets.xcassets */; };
		B70CFC3526BFDC0C00B7DA74 /* PinMaker.swift in Sources */ = {isa = PBXBuildFile; fileRef = B70CFC3426BFDC0C00B7DA74 /* PinMaker.swift */; };
		B718389D271224F000F0BEA1 /* Main.storyboard in Resources */ = {isa = PBXBuildFile; fileRef = B718389B271224F000F0BEA1 /* Main.storyboard */; };
		B71838A02712251600F0BEA1 /* LaunchScreen.storyboard in Resources */ = {isa = PBXBuildFile; fileRef = B718389E2712251600F0BEA1 /* LaunchScreen.storyboard */; };
		B71CF7E9273C0A6A00B9E360 /* StoryDetailViewModel.swift in Sources */ = {isa = PBXBuildFile; fileRef = B71CF7E8273C0A6A00B9E360 /* StoryDetailViewModel.swift */; };
		B71CF7EB273C1DEC00B9E360 /* StoryContentVC.swift in Sources */ = {isa = PBXBuildFile; fileRef = B71CF7EA273C1DEC00B9E360 /* StoryContentVC.swift */; };
		B724315B26C18A950091152E /* SmallRoundedBtn.swift in Sources */ = {isa = PBXBuildFile; fileRef = B724315A26C18A950091152E /* SmallRoundedBtn.swift */; };
		B728919F273A52440075169D /* StoryDetailVC.swift in Sources */ = {isa = PBXBuildFile; fileRef = B728919E273A52440075169D /* StoryDetailVC.swift */; };
		B73572A22700BB5300E1967E /* RecentResearchTerm+CoreDataClass.swift in Sources */ = {isa = PBXBuildFile; fileRef = B73572A02700BB5300E1967E /* RecentResearchTerm+CoreDataClass.swift */; };
		B73572A32700BB5300E1967E /* RecentResearchTerm+CoreDataProperties.swift in Sources */ = {isa = PBXBuildFile; fileRef = B73572A12700BB5300E1967E /* RecentResearchTerm+CoreDataProperties.swift */; };
		B736564E2739852900DDFB5E /* ViewControllers.swift in Sources */ = {isa = PBXBuildFile; fileRef = B736564D2739852900DDFB5E /* ViewControllers.swift */; };
		B741BA4626E8F5E800BB04E7 /* GetPlaceKeyword.swift in Sources */ = {isa = PBXBuildFile; fileRef = B741BA4526E8F5E800BB04E7 /* GetPlaceKeyword.swift */; };
		B741BA4826E8FCFD00BB04E7 /* Place.swift in Sources */ = {isa = PBXBuildFile; fileRef = B741BA4726E8FCFD00BB04E7 /* Place.swift */; };
		B741BA4B26E9116B00BB04E7 /* Debouncer.swift in Sources */ = {isa = PBXBuildFile; fileRef = B741BA4A26E9116B00BB04E7 /* Debouncer.swift */; };
		B7451A3F2757C84400643AD7 /* MeetingCardDetail.swift in Sources */ = {isa = PBXBuildFile; fileRef = B7451A3E2757C84400643AD7 /* MeetingCardDetail.swift */; };
		B7451A412757D3A800643AD7 /* CardDetailViewController.swift in Sources */ = {isa = PBXBuildFile; fileRef = B7451A402757D3A800643AD7 /* CardDetailViewController.swift */; };
		B74B3C03270C12C000C6284C /* FilterCell.swift in Sources */ = {isa = PBXBuildFile; fileRef = B74B3C02270C12C000C6284C /* FilterCell.swift */; };
		B74B3C05270CA21B00C6284C /* MeetingFilterViewModel.swift in Sources */ = {isa = PBXBuildFile; fileRef = B74B3C04270CA21B00C6284C /* MeetingFilterViewModel.swift */; };
		B74B3C07270DF9BB00C6284C /* PinMakeViewController.swift in Sources */ = {isa = PBXBuildFile; fileRef = B74B3C06270DF9BB00C6284C /* PinMakeViewController.swift */; };
		B74CDCA526DF9AA200043ADE /* MainVCUI.swift in Sources */ = {isa = PBXBuildFile; fileRef = B74CDCA426DF9AA200043ADE /* MainVCUI.swift */; };
		B74CDCA726DF9AB100043ADE /* SearchVCUI.swift in Sources */ = {isa = PBXBuildFile; fileRef = B74CDCA626DF9AB100043ADE /* SearchVCUI.swift */; };
		B74F96A826E4A80E0064B900 /* SearchViewController.swift in Sources */ = {isa = PBXBuildFile; fileRef = B74F96A726E4A80E0064B900 /* SearchViewController.swift */; };
		B74F96AB26E4AB0B0064B900 /* Extension+CLLocationCoordinate2D.swift in Sources */ = {isa = PBXBuildFile; fileRef = B74F96AA26E4AB0B0064B900 /* Extension+CLLocationCoordinate2D.swift */; };
		B74F96AD26E4AB3E0064B900 /* Extension+UISearchBar.swift in Sources */ = {isa = PBXBuildFile; fileRef = B74F96AC26E4AB3E0064B900 /* Extension+UISearchBar.swift */; };
		B76080DA2713507E000A710D /* MeetingDetailVCSlider.swift in Sources */ = {isa = PBXBuildFile; fileRef = B76080D92713507E000A710D /* MeetingDetailVCSlider.swift */; };
		B7639527274FE65B00F30D3D /* Extension+UILabel.swift in Sources */ = {isa = PBXBuildFile; fileRef = B7639526274FE65B00F30D3D /* Extension+UILabel.swift */; };
		B7639529274FFBC500F30D3D /* NicknameVC.swift in Sources */ = {isa = PBXBuildFile; fileRef = B7639528274FFBC500F30D3D /* NicknameVC.swift */; };
		B76FA57E2755270F005E577F /* PostCheckNickname.swift in Sources */ = {isa = PBXBuildFile; fileRef = B76FA57D2755270F005E577F /* PostCheckNickname.swift */; };
		B76FA58027555857005E577F /* ProfileVC.swift in Sources */ = {isa = PBXBuildFile; fileRef = B76FA57F27555857005E577F /* ProfileVC.swift */; };
		B77EC71526F0E59A0002C0D6 /* GetSearchKeywordPinAPI.swift in Sources */ = {isa = PBXBuildFile; fileRef = B77EC71426F0E59A0002C0D6 /* GetSearchKeywordPinAPI.swift */; };
		B77EC71726F0EF540002C0D6 /* GetPlaceCard.swift in Sources */ = {isa = PBXBuildFile; fileRef = B77EC71626F0EF540002C0D6 /* GetPlaceCard.swift */; };
		B77EC71926F0EF5E0002C0D6 /* GetKeywordCard.swift in Sources */ = {isa = PBXBuildFile; fileRef = B77EC71826F0EF5E0002C0D6 /* GetKeywordCard.swift */; };
		B787EA0126E4FEC30044D786 /* MainViewEventManager.swift in Sources */ = {isa = PBXBuildFile; fileRef = B787EA0026E4FEC30044D786 /* MainViewEventManager.swift */; };
		B78A59A526E611A800BBA759 /* NotoSansKR-Bold.otf in Resources */ = {isa = PBXBuildFile; fileRef = B78A599F26E611A800BBA759 /* NotoSansKR-Bold.otf */; };
		B78A59A626E611A800BBA759 /* NotoSansKR-Medium.otf in Resources */ = {isa = PBXBuildFile; fileRef = B78A59A026E611A800BBA759 /* NotoSansKR-Medium.otf */; };
		B78A59A726E611A800BBA759 /* NotoSansKR-Light.otf in Resources */ = {isa = PBXBuildFile; fileRef = B78A59A126E611A800BBA759 /* NotoSansKR-Light.otf */; };
		B78A59A826E611A800BBA759 /* NotoSansKR-Regular.otf in Resources */ = {isa = PBXBuildFile; fileRef = B78A59A226E611A800BBA759 /* NotoSansKR-Regular.otf */; };
		B78A59A926E611A800BBA759 /* NotoSansKR-Black.otf in Resources */ = {isa = PBXBuildFile; fileRef = B78A59A326E611A800BBA759 /* NotoSansKR-Black.otf */; };
		B78A59AA26E611A800BBA759 /* NotoSansKR-Thin.otf in Resources */ = {isa = PBXBuildFile; fileRef = B78A59A426E611A800BBA759 /* NotoSansKR-Thin.otf */; };
		B797A3A6270F459B00A87047 /* MeetingPin.swift in Sources */ = {isa = PBXBuildFile; fileRef = B797A3A5270F459B00A87047 /* MeetingPin.swift */; };
		B797A3AB270F55BF00A87047 /* MeetingDetailVC.swift in Sources */ = {isa = PBXBuildFile; fileRef = B797A3AA270F55BF00A87047 /* MeetingDetailVC.swift */; };
		B797A3AD270F5C6700A87047 /* MeetingDetailViewModel.swift in Sources */ = {isa = PBXBuildFile; fileRef = B797A3AC270F5C6700A87047 /* MeetingDetailViewModel.swift */; };
		B79DE32526EB34A20098285B /* PinCard.swift in Sources */ = {isa = PBXBuildFile; fileRef = B79DE32426EB34A20098285B /* PinCard.swift */; };
		B7A0D84926EA571200AD5B46 /* Pin.swift in Sources */ = {isa = PBXBuildFile; fileRef = B7A0D84826EA571200AD5B46 /* Pin.swift */; };
		B7A0D84B26EA6ECF00AD5B46 /* Gradient.swift in Sources */ = {isa = PBXBuildFile; fileRef = B7A0D84A26EA6ECF00AD5B46 /* Gradient.swift */; };
		B7A0D84D26EA6FF700AD5B46 /* CarouselCell.swift in Sources */ = {isa = PBXBuildFile; fileRef = B7A0D84C26EA6FF700AD5B46 /* CarouselCell.swift */; };
		B7B70B2226F78F0D006052A1 /* RecentSearchModel.xcdatamodeld in Sources */ = {isa = PBXBuildFile; fileRef = B7B70B2026F78F0D006052A1 /* RecentSearchModel.xcdatamodeld */; };
		B7B70B2826F78FBE006052A1 /* CoreDataManager.swift in Sources */ = {isa = PBXBuildFile; fileRef = B7B70B2726F78FBE006052A1 /* CoreDataManager.swift */; };
		B7B72835274D2D7C00451871 /* HalfModalView.swift in Sources */ = {isa = PBXBuildFile; fileRef = B7B72834274D2D7C00451871 /* HalfModalView.swift */; };
		B7B72837274D4F0500451871 /* SIgnupUser.swift in Sources */ = {isa = PBXBuildFile; fileRef = B7B72836274D4F0500451871 /* SIgnupUser.swift */; };
		B7BEFB022756883600A34A49 /* GetMeetingPin.swift in Sources */ = {isa = PBXBuildFile; fileRef = B7BEFB012756883600A34A49 /* GetMeetingPin.swift */; };
		B7BFF298270F784B005AD1B8 /* MeetingDateCell.swift in Sources */ = {isa = PBXBuildFile; fileRef = B7BFF297270F784B005AD1B8 /* MeetingDateCell.swift */; };
		B7C008812712245800E94A3E /* Foundation.framework in Frameworks */ = {isa = PBXBuildFile; fileRef = B7D998102712115400AED01B /* Foundation.framework */; };
		B7C3F0D52756621700688165 /* PostSignup.swift in Sources */ = {isa = PBXBuildFile; fileRef = B7C3F0D42756621700688165 /* PostSignup.swift */; };
		B7C5DAA826C805640011EE41 /* BigRoundedbutton.swift in Sources */ = {isa = PBXBuildFile; fileRef = B7C5DAA726C805640011EE41 /* BigRoundedbutton.swift */; };
		B7C5DAAA26C805D50011EE41 /* ThumbnailImg.swift in Sources */ = {isa = PBXBuildFile; fileRef = B7C5DAA926C805D50011EE41 /* ThumbnailImg.swift */; };
		B7C5DAAD26C80A550011EE41 /* MainViewModel.swift in Sources */ = {isa = PBXBuildFile; fileRef = B7C5DAAC26C80A550011EE41 /* MainViewModel.swift */; };
		B7DE776D270B668900F8F0EB /* MeetingFilterController.swift in Sources */ = {isa = PBXBuildFile; fileRef = B7DE776C270B668900F8F0EB /* MeetingFilterController.swift */; };
		B7DE776F270B75F700F8F0EB /* CommunityFilterController.swift in Sources */ = {isa = PBXBuildFile; fileRef = B7DE776E270B75F700F8F0EB /* CommunityFilterController.swift */; };
		B7DE7771270B760300F8F0EB /* StoryFilterController.swift in Sources */ = {isa = PBXBuildFile; fileRef = B7DE7770270B760300F8F0EB /* StoryFilterController.swift */; };
		B7E6BFE927180437006051DA /* CommunityDetailVC.swift in Sources */ = {isa = PBXBuildFile; fileRef = B7E6BFE827180437006051DA /* CommunityDetailVC.swift */; };
		B7E6BFEB2718071A006051DA /* CommunityDetailVCUI.swift in Sources */ = {isa = PBXBuildFile; fileRef = B7E6BFEA2718071A006051DA /* CommunityDetailVCUI.swift */; };
		B7E6BFED27180759006051DA /* CommunityDetailViewModel.swift in Sources */ = {isa = PBXBuildFile; fileRef = B7E6BFEC27180759006051DA /* CommunityDetailViewModel.swift */; };
		B7EB6007271300DF0037B7C6 /* Extension+UIView.swift in Sources */ = {isa = PBXBuildFile; fileRef = B7EB6006271300DF0037B7C6 /* Extension+UIView.swift */; };
		B7EB60092713010C0037B7C6 /* MeetingDetailVCUI.swift in Sources */ = {isa = PBXBuildFile; fileRef = B7EB60082713010C0037B7C6 /* MeetingDetailVCUI.swift */; };
		B7EB600B271319930037B7C6 /* MeetingDetailViewEventManager.swift in Sources */ = {isa = PBXBuildFile; fileRef = B7EB600A271319930037B7C6 /* MeetingDetailViewEventManager.swift */; };
		B7EE75A3274A861400AB0B38 /* SignUpUI.swift in Sources */ = {isa = PBXBuildFile; fileRef = B7EE75A2274A861400AB0B38 /* SignUpUI.swift */; };
		B7EE75A5274A9D4300AB0B38 /* LabelButton.swift in Sources */ = {isa = PBXBuildFile; fileRef = B7EE75A4274A9D4300AB0B38 /* LabelButton.swift */; };
		B7EEC995272ECC9B00AD98B0 /* PostCommunityPin.swift in Sources */ = {isa = PBXBuildFile; fileRef = B7EEC994272ECC9B00AD98B0 /* PostCommunityPin.swift */; };
		B7F0593D27493D9A00F0E431 /* BaseViewController.swift in Sources */ = {isa = PBXBuildFile; fileRef = B7F0593C27493D9A00F0E431 /* BaseViewController.swift */; };
		B7F0593F2749601600F0E431 /* SignUpVC.swift in Sources */ = {isa = PBXBuildFile; fileRef = B7F0593E2749601600F0E431 /* SignUpVC.swift */; };
		B7F06731270740ED00CFCE13 /* GetKeyword.swift in Sources */ = {isa = PBXBuildFile; fileRef = B7F06730270740ED00CFCE13 /* GetKeyword.swift */; };
		B7F06733270759D200CFCE13 /* GetLocation.swift in Sources */ = {isa = PBXBuildFile; fileRef = B7F06732270759D200CFCE13 /* GetLocation.swift */; };
		B7F4417326EB92C200546257 /* UIImage.swift in Sources */ = {isa = PBXBuildFile; fileRef = B7F4417226EB92C200546257 /* UIImage.swift */; };
		B7F4417526EBB62100546257 /* PinType.swift in Sources */ = {isa = PBXBuildFile; fileRef = B7F4417426EBB62100546257 /* PinType.swift */; };
		B7FA1D782714889D005F924A /* MeetingContentVC.swift in Sources */ = {isa = PBXBuildFile; fileRef = B7FA1D772714889D005F924A /* MeetingContentVC.swift */; };
		B7FA1D7C27148D3B005F924A /* Extension+UITextField.swift in Sources */ = {isa = PBXBuildFile; fileRef = B7FA1D7B27148D3B005F924A /* Extension+UITextField.swift */; };
		B7FA1D7E27148F82005F924A /* MeetingContentViewModel.swift in Sources */ = {isa = PBXBuildFile; fileRef = B7FA1D7D27148F82005F924A /* MeetingContentViewModel.swift */; };
		B7FA1D8027149D36005F924A /* PostMeetingPin.swift in Sources */ = {isa = PBXBuildFile; fileRef = B7FA1D7F27149D36005F924A /* PostMeetingPin.swift */; };
		B7FBC47826C28730001838D1 /* CustomPintAnnotation.swift in Sources */ = {isa = PBXBuildFile; fileRef = B7FBC47726C28730001838D1 /* CustomPintAnnotation.swift */; };
/* End PBXBuildFile section */

/* Begin PBXFileReference section */
		2D0B3C31DB79E4926C9C74A0 /* Pods-pins_ios.release.xcconfig */ = {isa = PBXFileReference; includeInIndex = 1; lastKnownFileType = text.xcconfig; name = "Pods-pins_ios.release.xcconfig"; path = "Target Support Files/Pods-pins_ios/Pods-pins_ios.release.xcconfig"; sourceTree = "<group>"; };
		B70062BE272D937D00639CBE /* CommunityDetailEventManager.swift */ = {isa = PBXFileReference; lastKnownFileType = sourcecode.swift; path = CommunityDetailEventManager.swift; sourceTree = "<group>"; };
		B70062C0272D93C700639CBE /* CommunityPin.swift */ = {isa = PBXFileReference; lastKnownFileType = sourcecode.swift; path = CommunityPin.swift; sourceTree = "<group>"; };
		B70062C2272DA6BA00639CBE /* CommunityContentVC.swift */ = {isa = PBXFileReference; lastKnownFileType = sourcecode.swift; path = CommunityContentVC.swift; sourceTree = "<group>"; };
		B70062C4272DB1AF00639CBE /* CommunityContentViewModel.swift */ = {isa = PBXFileReference; lastKnownFileType = sourcecode.swift; path = CommunityContentViewModel.swift; sourceTree = "<group>"; };
		B70228E6274E8DA300D412A4 /* Extension+String.swift */ = {isa = PBXFileReference; lastKnownFileType = sourcecode.swift; path = "Extension+String.swift"; sourceTree = "<group>"; };
		B70228E8274EA4B600D412A4 /* CertificationVC.swift */ = {isa = PBXFileReference; lastKnownFileType = sourcecode.swift; path = CertificationVC.swift; sourceTree = "<group>"; };
		B70253E6273ADC3500119E4E /* Extension+UIImage.swift */ = {isa = PBXFileReference; lastKnownFileType = sourcecode.swift; path = "Extension+UIImage.swift"; sourceTree = "<group>"; };
		B704D47F26DBCE6800DB20D2 /* AnimationManager.swift */ = {isa = PBXFileReference; lastKnownFileType = sourcecode.swift; path = AnimationManager.swift; sourceTree = "<group>"; };
		B704F03B26E36C5900DA9E06 /* Cell.swift */ = {isa = PBXFileReference; lastKnownFileType = sourcecode.swift; path = Cell.swift; sourceTree = "<group>"; };
		B706B766274546B60017CBB0 /* LoginVC.swift */ = {isa = PBXFileReference; lastKnownFileType = sourcecode.swift; path = LoginVC.swift; sourceTree = "<group>"; };
		B706B76B274564810017CBB0 /* Extension+UIButton.swift */ = {isa = PBXFileReference; lastKnownFileType = sourcecode.swift; path = "Extension+UIButton.swift"; sourceTree = "<group>"; };
		B706B76D274565DC0017CBB0 /* Button.swift */ = {isa = PBXFileReference; lastKnownFileType = sourcecode.swift; path = Button.swift; sourceTree = "<group>"; };
		B706B76F27460D6C0017CBB0 /* TextField.swift */ = {isa = PBXFileReference; lastKnownFileType = sourcecode.swift; path = TextField.swift; sourceTree = "<group>"; };
		B70908FF26E1FD990075BF50 /* SearchViewModel.swift */ = {isa = PBXFileReference; lastKnownFileType = sourcecode.swift; path = SearchViewModel.swift; sourceTree = "<group>"; };
		B709090226E2006E0075BF50 /* SearchViewEventManager.swift */ = {isa = PBXFileReference; lastKnownFileType = sourcecode.swift; path = SearchViewEventManager.swift; sourceTree = "<group>"; };
		B709090526E263620075BF50 /* GetKeywordPinAPI.swift */ = {isa = PBXFileReference; lastKnownFileType = sourcecode.swift; path = GetKeywordPinAPI.swift; sourceTree = "<group>"; };
		B709090826E273840075BF50 /* HomeResponse.swift */ = {isa = PBXFileReference; lastKnownFileType = sourcecode.swift; path = HomeResponse.swift; sourceTree = "<group>"; };
		B70ADB8826FF8902007997E2 /* GetCardByPinId.swift */ = {isa = PBXFileReference; lastKnownFileType = sourcecode.swift; path = GetCardByPinId.swift; sourceTree = "<group>"; };
		B70CFC1D26BFD82500B7DA74 /* pins_ios.app */ = {isa = PBXFileReference; explicitFileType = wrapper.application; includeInIndex = 0; path = pins_ios.app; sourceTree = BUILT_PRODUCTS_DIR; };
		B70CFC2026BFD82500B7DA74 /* AppDelegate.swift */ = {isa = PBXFileReference; lastKnownFileType = sourcecode.swift; path = AppDelegate.swift; sourceTree = "<group>"; };
		B70CFC2226BFD82500B7DA74 /* SceneDelegate.swift */ = {isa = PBXFileReference; lastKnownFileType = sourcecode.swift; path = SceneDelegate.swift; sourceTree = "<group>"; };
		B70CFC2426BFD82500B7DA74 /* ViewController.swift */ = {isa = PBXFileReference; lastKnownFileType = sourcecode.swift; path = ViewController.swift; sourceTree = "<group>"; };
		B70CFC2926BFD82600B7DA74 /* Assets.xcassets */ = {isa = PBXFileReference; lastKnownFileType = folder.assetcatalog; path = Assets.xcassets; sourceTree = "<group>"; };
		B70CFC2E26BFD82600B7DA74 /* Info.plist */ = {isa = PBXFileReference; lastKnownFileType = text.plist.xml; path = Info.plist; sourceTree = "<group>"; };
		B70CFC3426BFDC0C00B7DA74 /* PinMaker.swift */ = {isa = PBXFileReference; lastKnownFileType = sourcecode.swift; path = PinMaker.swift; sourceTree = "<group>"; };
		B718389C271224F000F0BEA1 /* Base */ = {isa = PBXFileReference; lastKnownFileType = file.storyboard; name = Base; path = Base.lproj/Main.storyboard; sourceTree = "<group>"; };
		B718389F2712251600F0BEA1 /* Base */ = {isa = PBXFileReference; lastKnownFileType = file.storyboard; name = Base; path = Base.lproj/LaunchScreen.storyboard; sourceTree = "<group>"; };
		B71CF7E8273C0A6A00B9E360 /* StoryDetailViewModel.swift */ = {isa = PBXFileReference; lastKnownFileType = sourcecode.swift; path = StoryDetailViewModel.swift; sourceTree = "<group>"; };
		B71CF7EA273C1DEC00B9E360 /* StoryContentVC.swift */ = {isa = PBXFileReference; lastKnownFileType = sourcecode.swift; path = StoryContentVC.swift; sourceTree = "<group>"; };
		B724315A26C18A950091152E /* SmallRoundedBtn.swift */ = {isa = PBXFileReference; lastKnownFileType = sourcecode.swift; path = SmallRoundedBtn.swift; sourceTree = "<group>"; };
		B728919E273A52440075169D /* StoryDetailVC.swift */ = {isa = PBXFileReference; lastKnownFileType = sourcecode.swift; path = StoryDetailVC.swift; sourceTree = "<group>"; };
		B73572A02700BB5300E1967E /* RecentResearchTerm+CoreDataClass.swift */ = {isa = PBXFileReference; fileEncoding = 4; lastKnownFileType = sourcecode.swift; path = "RecentResearchTerm+CoreDataClass.swift"; sourceTree = "<group>"; };
		B73572A12700BB5300E1967E /* RecentResearchTerm+CoreDataProperties.swift */ = {isa = PBXFileReference; fileEncoding = 4; lastKnownFileType = sourcecode.swift; path = "RecentResearchTerm+CoreDataProperties.swift"; sourceTree = "<group>"; };
		B736564D2739852900DDFB5E /* ViewControllers.swift */ = {isa = PBXFileReference; lastKnownFileType = sourcecode.swift; path = ViewControllers.swift; sourceTree = "<group>"; };
		B741BA4526E8F5E800BB04E7 /* GetPlaceKeyword.swift */ = {isa = PBXFileReference; lastKnownFileType = sourcecode.swift; path = GetPlaceKeyword.swift; sourceTree = "<group>"; };
		B741BA4726E8FCFD00BB04E7 /* Place.swift */ = {isa = PBXFileReference; lastKnownFileType = sourcecode.swift; path = Place.swift; sourceTree = "<group>"; };
		B741BA4A26E9116B00BB04E7 /* Debouncer.swift */ = {isa = PBXFileReference; lastKnownFileType = sourcecode.swift; path = Debouncer.swift; sourceTree = "<group>"; };
		B7451A3E2757C84400643AD7 /* MeetingCardDetail.swift */ = {isa = PBXFileReference; lastKnownFileType = sourcecode.swift; path = MeetingCardDetail.swift; sourceTree = "<group>"; };
		B7451A402757D3A800643AD7 /* CardDetailViewController.swift */ = {isa = PBXFileReference; lastKnownFileType = sourcecode.swift; path = CardDetailViewController.swift; sourceTree = "<group>"; };
		B74B3C02270C12C000C6284C /* FilterCell.swift */ = {isa = PBXFileReference; lastKnownFileType = sourcecode.swift; path = FilterCell.swift; sourceTree = "<group>"; };
		B74B3C04270CA21B00C6284C /* MeetingFilterViewModel.swift */ = {isa = PBXFileReference; lastKnownFileType = sourcecode.swift; path = MeetingFilterViewModel.swift; sourceTree = "<group>"; };
		B74B3C06270DF9BB00C6284C /* PinMakeViewController.swift */ = {isa = PBXFileReference; lastKnownFileType = sourcecode.swift; path = PinMakeViewController.swift; sourceTree = "<group>"; };
		B74CDCA426DF9AA200043ADE /* MainVCUI.swift */ = {isa = PBXFileReference; lastKnownFileType = sourcecode.swift; path = MainVCUI.swift; sourceTree = "<group>"; };
		B74CDCA626DF9AB100043ADE /* SearchVCUI.swift */ = {isa = PBXFileReference; lastKnownFileType = sourcecode.swift; path = SearchVCUI.swift; sourceTree = "<group>"; };
		B74F96A726E4A80E0064B900 /* SearchViewController.swift */ = {isa = PBXFileReference; fileEncoding = 4; lastKnownFileType = sourcecode.swift; path = SearchViewController.swift; sourceTree = "<group>"; };
		B74F96AA26E4AB0B0064B900 /* Extension+CLLocationCoordinate2D.swift */ = {isa = PBXFileReference; lastKnownFileType = sourcecode.swift; path = "Extension+CLLocationCoordinate2D.swift"; sourceTree = "<group>"; };
		B74F96AC26E4AB3E0064B900 /* Extension+UISearchBar.swift */ = {isa = PBXFileReference; lastKnownFileType = sourcecode.swift; path = "Extension+UISearchBar.swift"; sourceTree = "<group>"; };
		B76080D92713507E000A710D /* MeetingDetailVCSlider.swift */ = {isa = PBXFileReference; lastKnownFileType = sourcecode.swift; path = MeetingDetailVCSlider.swift; sourceTree = "<group>"; };
		B7639526274FE65B00F30D3D /* Extension+UILabel.swift */ = {isa = PBXFileReference; lastKnownFileType = sourcecode.swift; path = "Extension+UILabel.swift"; sourceTree = "<group>"; };
		B7639528274FFBC500F30D3D /* NicknameVC.swift */ = {isa = PBXFileReference; lastKnownFileType = sourcecode.swift; path = NicknameVC.swift; sourceTree = "<group>"; };
		B76FA57D2755270F005E577F /* PostCheckNickname.swift */ = {isa = PBXFileReference; lastKnownFileType = sourcecode.swift; path = PostCheckNickname.swift; sourceTree = "<group>"; };
		B76FA57F27555857005E577F /* ProfileVC.swift */ = {isa = PBXFileReference; lastKnownFileType = sourcecode.swift; path = ProfileVC.swift; sourceTree = "<group>"; };
		B77EC71426F0E59A0002C0D6 /* GetSearchKeywordPinAPI.swift */ = {isa = PBXFileReference; lastKnownFileType = sourcecode.swift; path = GetSearchKeywordPinAPI.swift; sourceTree = "<group>"; };
		B77EC71626F0EF540002C0D6 /* GetPlaceCard.swift */ = {isa = PBXFileReference; lastKnownFileType = sourcecode.swift; path = GetPlaceCard.swift; sourceTree = "<group>"; };
		B77EC71826F0EF5E0002C0D6 /* GetKeywordCard.swift */ = {isa = PBXFileReference; lastKnownFileType = sourcecode.swift; path = GetKeywordCard.swift; sourceTree = "<group>"; };
		B787EA0026E4FEC30044D786 /* MainViewEventManager.swift */ = {isa = PBXFileReference; lastKnownFileType = sourcecode.swift; path = MainViewEventManager.swift; sourceTree = "<group>"; };
		B78A599F26E611A800BBA759 /* NotoSansKR-Bold.otf */ = {isa = PBXFileReference; lastKnownFileType = file; path = "NotoSansKR-Bold.otf"; sourceTree = "<group>"; };
		B78A59A026E611A800BBA759 /* NotoSansKR-Medium.otf */ = {isa = PBXFileReference; lastKnownFileType = file; path = "NotoSansKR-Medium.otf"; sourceTree = "<group>"; };
		B78A59A126E611A800BBA759 /* NotoSansKR-Light.otf */ = {isa = PBXFileReference; lastKnownFileType = file; path = "NotoSansKR-Light.otf"; sourceTree = "<group>"; };
		B78A59A226E611A800BBA759 /* NotoSansKR-Regular.otf */ = {isa = PBXFileReference; lastKnownFileType = file; path = "NotoSansKR-Regular.otf"; sourceTree = "<group>"; };
		B78A59A326E611A800BBA759 /* NotoSansKR-Black.otf */ = {isa = PBXFileReference; lastKnownFileType = file; path = "NotoSansKR-Black.otf"; sourceTree = "<group>"; };
		B78A59A426E611A800BBA759 /* NotoSansKR-Thin.otf */ = {isa = PBXFileReference; lastKnownFileType = file; path = "NotoSansKR-Thin.otf"; sourceTree = "<group>"; };
		B797A3A5270F459B00A87047 /* MeetingPin.swift */ = {isa = PBXFileReference; lastKnownFileType = sourcecode.swift; path = MeetingPin.swift; sourceTree = "<group>"; };
		B797A3AA270F55BF00A87047 /* MeetingDetailVC.swift */ = {isa = PBXFileReference; lastKnownFileType = sourcecode.swift; path = MeetingDetailVC.swift; sourceTree = "<group>"; };
		B797A3AC270F5C6700A87047 /* MeetingDetailViewModel.swift */ = {isa = PBXFileReference; lastKnownFileType = sourcecode.swift; path = MeetingDetailViewModel.swift; sourceTree = "<group>"; };
		B79DE32426EB34A20098285B /* PinCard.swift */ = {isa = PBXFileReference; lastKnownFileType = sourcecode.swift; path = PinCard.swift; sourceTree = "<group>"; };
		B7A0D84826EA571200AD5B46 /* Pin.swift */ = {isa = PBXFileReference; lastKnownFileType = sourcecode.swift; path = Pin.swift; sourceTree = "<group>"; };
		B7A0D84A26EA6ECF00AD5B46 /* Gradient.swift */ = {isa = PBXFileReference; lastKnownFileType = sourcecode.swift; path = Gradient.swift; sourceTree = "<group>"; };
		B7A0D84C26EA6FF700AD5B46 /* CarouselCell.swift */ = {isa = PBXFileReference; lastKnownFileType = sourcecode.swift; path = CarouselCell.swift; sourceTree = "<group>"; };
		B7B70B2126F78F0D006052A1 /* RecentSearchModel.xcdatamodel */ = {isa = PBXFileReference; lastKnownFileType = wrapper.xcdatamodel; path = RecentSearchModel.xcdatamodel; sourceTree = "<group>"; };
		B7B70B2726F78FBE006052A1 /* CoreDataManager.swift */ = {isa = PBXFileReference; lastKnownFileType = sourcecode.swift; path = CoreDataManager.swift; sourceTree = "<group>"; };
		B7B72834274D2D7C00451871 /* HalfModalView.swift */ = {isa = PBXFileReference; lastKnownFileType = sourcecode.swift; path = HalfModalView.swift; sourceTree = "<group>"; };
		B7B72836274D4F0500451871 /* SIgnupUser.swift */ = {isa = PBXFileReference; lastKnownFileType = sourcecode.swift; path = SIgnupUser.swift; sourceTree = "<group>"; };
		B7BEFB012756883600A34A49 /* GetMeetingPin.swift */ = {isa = PBXFileReference; lastKnownFileType = sourcecode.swift; path = GetMeetingPin.swift; sourceTree = "<group>"; };
		B7BFF297270F784B005AD1B8 /* MeetingDateCell.swift */ = {isa = PBXFileReference; lastKnownFileType = sourcecode.swift; path = MeetingDateCell.swift; sourceTree = "<group>"; };
		B7C3F0D42756621700688165 /* PostSignup.swift */ = {isa = PBXFileReference; lastKnownFileType = sourcecode.swift; path = PostSignup.swift; sourceTree = "<group>"; };
		B7C5DAA726C805640011EE41 /* BigRoundedbutton.swift */ = {isa = PBXFileReference; lastKnownFileType = sourcecode.swift; path = BigRoundedbutton.swift; sourceTree = "<group>"; };
		B7C5DAA926C805D50011EE41 /* ThumbnailImg.swift */ = {isa = PBXFileReference; lastKnownFileType = sourcecode.swift; path = ThumbnailImg.swift; sourceTree = "<group>"; };
		B7C5DAAC26C80A550011EE41 /* MainViewModel.swift */ = {isa = PBXFileReference; lastKnownFileType = sourcecode.swift; path = MainViewModel.swift; sourceTree = "<group>"; };
		B7D998102712115400AED01B /* Foundation.framework */ = {isa = PBXFileReference; lastKnownFileType = wrapper.framework; name = Foundation.framework; path = System/Library/Frameworks/Foundation.framework; sourceTree = SDKROOT; };
		B7DE776C270B668900F8F0EB /* MeetingFilterController.swift */ = {isa = PBXFileReference; lastKnownFileType = sourcecode.swift; path = MeetingFilterController.swift; sourceTree = "<group>"; };
		B7DE776E270B75F700F8F0EB /* CommunityFilterController.swift */ = {isa = PBXFileReference; lastKnownFileType = sourcecode.swift; path = CommunityFilterController.swift; sourceTree = "<group>"; };
		B7DE7770270B760300F8F0EB /* StoryFilterController.swift */ = {isa = PBXFileReference; lastKnownFileType = sourcecode.swift; path = StoryFilterController.swift; sourceTree = "<group>"; };
		B7E6BFE827180437006051DA /* CommunityDetailVC.swift */ = {isa = PBXFileReference; lastKnownFileType = sourcecode.swift; path = CommunityDetailVC.swift; sourceTree = "<group>"; };
		B7E6BFEA2718071A006051DA /* CommunityDetailVCUI.swift */ = {isa = PBXFileReference; lastKnownFileType = sourcecode.swift; path = CommunityDetailVCUI.swift; sourceTree = "<group>"; };
		B7E6BFEC27180759006051DA /* CommunityDetailViewModel.swift */ = {isa = PBXFileReference; lastKnownFileType = sourcecode.swift; path = CommunityDetailViewModel.swift; sourceTree = "<group>"; };
		B7EB6006271300DF0037B7C6 /* Extension+UIView.swift */ = {isa = PBXFileReference; lastKnownFileType = sourcecode.swift; path = "Extension+UIView.swift"; sourceTree = "<group>"; };
		B7EB60082713010C0037B7C6 /* MeetingDetailVCUI.swift */ = {isa = PBXFileReference; lastKnownFileType = sourcecode.swift; path = MeetingDetailVCUI.swift; sourceTree = "<group>"; };
		B7EB600A271319930037B7C6 /* MeetingDetailViewEventManager.swift */ = {isa = PBXFileReference; lastKnownFileType = sourcecode.swift; path = MeetingDetailViewEventManager.swift; sourceTree = "<group>"; };
		B7EE75A2274A861400AB0B38 /* SignUpUI.swift */ = {isa = PBXFileReference; lastKnownFileType = sourcecode.swift; path = SignUpUI.swift; sourceTree = "<group>"; };
		B7EE75A4274A9D4300AB0B38 /* LabelButton.swift */ = {isa = PBXFileReference; lastKnownFileType = sourcecode.swift; path = LabelButton.swift; sourceTree = "<group>"; };
		B7EEC994272ECC9B00AD98B0 /* PostCommunityPin.swift */ = {isa = PBXFileReference; lastKnownFileType = sourcecode.swift; path = PostCommunityPin.swift; sourceTree = "<group>"; };
		B7F0593C27493D9A00F0E431 /* BaseViewController.swift */ = {isa = PBXFileReference; lastKnownFileType = sourcecode.swift; path = BaseViewController.swift; sourceTree = "<group>"; };
		B7F0593E2749601600F0E431 /* SignUpVC.swift */ = {isa = PBXFileReference; lastKnownFileType = sourcecode.swift; path = SignUpVC.swift; sourceTree = "<group>"; };
		B7F06730270740ED00CFCE13 /* GetKeyword.swift */ = {isa = PBXFileReference; lastKnownFileType = sourcecode.swift; path = GetKeyword.swift; sourceTree = "<group>"; };
		B7F06732270759D200CFCE13 /* GetLocation.swift */ = {isa = PBXFileReference; lastKnownFileType = sourcecode.swift; path = GetLocation.swift; sourceTree = "<group>"; };
		B7F4417226EB92C200546257 /* UIImage.swift */ = {isa = PBXFileReference; fileEncoding = 4; lastKnownFileType = sourcecode.swift; path = UIImage.swift; sourceTree = "<group>"; };
		B7F4417426EBB62100546257 /* PinType.swift */ = {isa = PBXFileReference; lastKnownFileType = sourcecode.swift; path = PinType.swift; sourceTree = "<group>"; };
		B7FA1D772714889D005F924A /* MeetingContentVC.swift */ = {isa = PBXFileReference; lastKnownFileType = sourcecode.swift; path = MeetingContentVC.swift; sourceTree = "<group>"; };
		B7FA1D7B27148D3B005F924A /* Extension+UITextField.swift */ = {isa = PBXFileReference; lastKnownFileType = sourcecode.swift; path = "Extension+UITextField.swift"; sourceTree = "<group>"; };
		B7FA1D7D27148F82005F924A /* MeetingContentViewModel.swift */ = {isa = PBXFileReference; lastKnownFileType = sourcecode.swift; path = MeetingContentViewModel.swift; sourceTree = "<group>"; };
		B7FA1D7F27149D36005F924A /* PostMeetingPin.swift */ = {isa = PBXFileReference; lastKnownFileType = sourcecode.swift; path = PostMeetingPin.swift; sourceTree = "<group>"; };
		B7FBC47726C28730001838D1 /* CustomPintAnnotation.swift */ = {isa = PBXFileReference; lastKnownFileType = sourcecode.swift; path = CustomPintAnnotation.swift; sourceTree = "<group>"; };
		B8817DC6ED24C308687E6104 /* Pods-pins_ios.debug.xcconfig */ = {isa = PBXFileReference; includeInIndex = 1; lastKnownFileType = text.xcconfig; name = "Pods-pins_ios.debug.xcconfig"; path = "Target Support Files/Pods-pins_ios/Pods-pins_ios.debug.xcconfig"; sourceTree = "<group>"; };
		C2E236C66795D43169F6D9A9 /* Pods_pins_ios.framework */ = {isa = PBXFileReference; explicitFileType = wrapper.framework; includeInIndex = 0; path = Pods_pins_ios.framework; sourceTree = BUILT_PRODUCTS_DIR; };
/* End PBXFileReference section */

/* Begin PBXFrameworksBuildPhase section */
		B70CFC1A26BFD82500B7DA74 /* Frameworks */ = {
			isa = PBXFrameworksBuildPhase;
			buildActionMask = 2147483647;
			files = (
				B7C008812712245800E94A3E /* Foundation.framework in Frameworks */,
			);
			runOnlyForDeploymentPostprocessing = 0;
		};
/* End PBXFrameworksBuildPhase section */

/* Begin PBXGroup section */
		06A97ED4BE8D2ADD09DB0A3B /* Frameworks */ = {
			isa = PBXGroup;
			children = (
				B7D998102712115400AED01B /* Foundation.framework */,
				C2E236C66795D43169F6D9A9 /* Pods_pins_ios.framework */,
			);
			name = Frameworks;
			sourceTree = "<group>";
		};
		3E0CC35EE1B3C3D77A54A449 /* Pods */ = {
			isa = PBXGroup;
			children = (
				B8817DC6ED24C308687E6104 /* Pods-pins_ios.debug.xcconfig */,
				2D0B3C31DB79E4926C9C74A0 /* Pods-pins_ios.release.xcconfig */,
			);
			path = Pods;
			sourceTree = "<group>";
		};
		B704D47E26DBCE2600DB20D2 /* Animation */ = {
			isa = PBXGroup;
			children = (
				B704D47F26DBCE6800DB20D2 /* AnimationManager.swift */,
			);
			path = Animation;
			sourceTree = "<group>";
		};
		B706B768274562500017CBB0 /* Protocols */ = {
			isa = PBXGroup;
			children = (
				B706B76D274565DC0017CBB0 /* Button.swift */,
				B7F0593C27493D9A00F0E431 /* BaseViewController.swift */,
				B7EE75A4274A9D4300AB0B38 /* LabelButton.swift */,
			);
			path = Protocols;
			sourceTree = "<group>";
		};
		B709090126E200590075BF50 /* Event */ = {
			isa = PBXGroup;
			children = (
				B709090226E2006E0075BF50 /* SearchViewEventManager.swift */,
				B787EA0026E4FEC30044D786 /* MainViewEventManager.swift */,
				B7EB600A271319930037B7C6 /* MeetingDetailViewEventManager.swift */,
				B70062BE272D937D00639CBE /* CommunityDetailEventManager.swift */,
			);
			path = Event;
			sourceTree = "<group>";
		};
		B709090426E262DA0075BF50 /* API */ = {
			isa = PBXGroup;
			children = (
				B709090526E263620075BF50 /* GetKeywordPinAPI.swift */,
				B741BA4526E8F5E800BB04E7 /* GetPlaceKeyword.swift */,
				B77EC71426F0E59A0002C0D6 /* GetSearchKeywordPinAPI.swift */,
				B77EC71626F0EF540002C0D6 /* GetPlaceCard.swift */,
				B77EC71826F0EF5E0002C0D6 /* GetKeywordCard.swift */,
				B70ADB8826FF8902007997E2 /* GetCardByPinId.swift */,
				B7F06730270740ED00CFCE13 /* GetKeyword.swift */,
				B7F06732270759D200CFCE13 /* GetLocation.swift */,
				B7FA1D7F27149D36005F924A /* PostMeetingPin.swift */,
				B7BEFB012756883600A34A49 /* GetMeetingPin.swift */,
				B7EEC994272ECC9B00AD98B0 /* PostCommunityPin.swift */,
				B76FA57D2755270F005E577F /* PostCheckNickname.swift */,
				B7C3F0D42756621700688165 /* PostSignup.swift */,
			);
			path = API;
			sourceTree = "<group>";
		};
		B709090726E2735D0075BF50 /* Entities */ = {
			isa = PBXGroup;
			children = (
				B709090826E273840075BF50 /* HomeResponse.swift */,
				B741BA4726E8FCFD00BB04E7 /* Place.swift */,
				B7A0D84826EA571200AD5B46 /* Pin.swift */,
				B7F4417426EBB62100546257 /* PinType.swift */,
				B797A3A5270F459B00A87047 /* MeetingPin.swift */,
				B70062C0272D93C700639CBE /* CommunityPin.swift */,
				B736564D2739852900DDFB5E /* ViewControllers.swift */,
				B706B76F27460D6C0017CBB0 /* TextField.swift */,
				B7B72836274D4F0500451871 /* SIgnupUser.swift */,
				B7451A3E2757C84400643AD7 /* MeetingCardDetail.swift */,
			);
			path = Entities;
			sourceTree = "<group>";
		};
		B70CFC1426BFD82500B7DA74 = {
			isa = PBXGroup;
			children = (
				B70CFC1F26BFD82500B7DA74 /* pins_ios */,
				B70CFC1E26BFD82500B7DA74 /* Products */,
				3E0CC35EE1B3C3D77A54A449 /* Pods */,
				06A97ED4BE8D2ADD09DB0A3B /* Frameworks */,
			);
			sourceTree = "<group>";
			wrapsLines = 1;
		};
		B70CFC1E26BFD82500B7DA74 /* Products */ = {
			isa = PBXGroup;
			children = (
				B70CFC1D26BFD82500B7DA74 /* pins_ios.app */,
			);
			name = Products;
			sourceTree = "<group>";
		};
		B70CFC1F26BFD82500B7DA74 /* pins_ios */ = {
			isa = PBXGroup;
			children = (
				B706B768274562500017CBB0 /* Protocols */,
				B741BA4926E9112800BB04E7 /* Utill */,
				B744091B26E7AFE800A90B91 /* Cell */,
				B79ACD3326E13008008990C3 /* Fonts */,
				B74F96A926E4AAD70064B900 /* Extension */,
				B709090726E2735D0075BF50 /* Entities */,
				B7D0EBA426E12551009FB747 /* viewController */,
				B709090426E262DA0075BF50 /* API */,
				B709090126E200590075BF50 /* Event */,
				B704D47E26DBCE2600DB20D2 /* Animation */,
				B760E85726DA614B001B8DAA /* UI */,
				B7C5DAAB26C809B80011EE41 /* viewModel */,
				B7C5DAA626C805230011EE41 /* model */,
				B70CFC2026BFD82500B7DA74 /* AppDelegate.swift */,
				B70CFC2226BFD82500B7DA74 /* SceneDelegate.swift */,
				B70CFC2926BFD82600B7DA74 /* Assets.xcassets */,
				B70CFC2E26BFD82600B7DA74 /* Info.plist */,
				B7B70B2026F78F0D006052A1 /* RecentSearchModel.xcdatamodeld */,
				B718389E2712251600F0BEA1 /* LaunchScreen.storyboard */,
				B718389B271224F000F0BEA1 /* Main.storyboard */,
			);
			path = pins_ios;
			sourceTree = "<group>";
		};
		B741BA4926E9112800BB04E7 /* Utill */ = {
			isa = PBXGroup;
			children = (
				B73572A02700BB5300E1967E /* RecentResearchTerm+CoreDataClass.swift */,
				B73572A12700BB5300E1967E /* RecentResearchTerm+CoreDataProperties.swift */,
				B7F4417226EB92C200546257 /* UIImage.swift */,
				B70CFC3426BFDC0C00B7DA74 /* PinMaker.swift */,
				B7FBC47726C28730001838D1 /* CustomPintAnnotation.swift */,
				B741BA4A26E9116B00BB04E7 /* Debouncer.swift */,
				B7A0D84A26EA6ECF00AD5B46 /* Gradient.swift */,
				B7B70B2726F78FBE006052A1 /* CoreDataManager.swift */,
				B76080D92713507E000A710D /* MeetingDetailVCSlider.swift */,
			);
			path = Utill;
			sourceTree = "<group>";
		};
		B744091B26E7AFE800A90B91 /* Cell */ = {
			isa = PBXGroup;
			children = (
				B704F03B26E36C5900DA9E06 /* Cell.swift */,
				B7A0D84C26EA6FF700AD5B46 /* CarouselCell.swift */,
				B74B3C02270C12C000C6284C /* FilterCell.swift */,
				B7BFF297270F784B005AD1B8 /* MeetingDateCell.swift */,
			);
			path = Cell;
			sourceTree = "<group>";
		};
		B74B3C08270E049600C6284C /* PinMakeVC */ = {
			isa = PBXGroup;
			children = (
				B74B3C06270DF9BB00C6284C /* PinMakeViewController.swift */,
				B797A3AA270F55BF00A87047 /* MeetingDetailVC.swift */,
				B7FA1D772714889D005F924A /* MeetingContentVC.swift */,
				B7E6BFE827180437006051DA /* CommunityDetailVC.swift */,
				B70062C2272DA6BA00639CBE /* CommunityContentVC.swift */,
				B728919E273A52440075169D /* StoryDetailVC.swift */,
				B71CF7EA273C1DEC00B9E360 /* StoryContentVC.swift */,
			);
			path = PinMakeVC;
			sourceTree = "<group>";
		};
		B74F96A926E4AAD70064B900 /* Extension */ = {
			isa = PBXGroup;
			children = (
				B74F96AA26E4AB0B0064B900 /* Extension+CLLocationCoordinate2D.swift */,
				B74F96AC26E4AB3E0064B900 /* Extension+UISearchBar.swift */,
				B7EB6006271300DF0037B7C6 /* Extension+UIView.swift */,
				B7FA1D7B27148D3B005F924A /* Extension+UITextField.swift */,
				B70253E6273ADC3500119E4E /* Extension+UIImage.swift */,
				B706B76B274564810017CBB0 /* Extension+UIButton.swift */,
				B70228E6274E8DA300D412A4 /* Extension+String.swift */,
				B7639526274FE65B00F30D3D /* Extension+UILabel.swift */,
			);
			path = Extension;
			sourceTree = "<group>";
		};
		B760E85726DA614B001B8DAA /* UI */ = {
			isa = PBXGroup;
			children = (
				B74CDCA426DF9AA200043ADE /* MainVCUI.swift */,
				B74CDCA626DF9AB100043ADE /* SearchVCUI.swift */,
				B7EB60082713010C0037B7C6 /* MeetingDetailVCUI.swift */,
				B7E6BFEA2718071A006051DA /* CommunityDetailVCUI.swift */,
			);
			path = UI;
			sourceTree = "<group>";
		};
		B79ACD3326E13008008990C3 /* Fonts */ = {
			isa = PBXGroup;
			children = (
				B78A59A326E611A800BBA759 /* NotoSansKR-Black.otf */,
				B78A599F26E611A800BBA759 /* NotoSansKR-Bold.otf */,
				B78A59A126E611A800BBA759 /* NotoSansKR-Light.otf */,
				B78A59A026E611A800BBA759 /* NotoSansKR-Medium.otf */,
				B78A59A226E611A800BBA759 /* NotoSansKR-Regular.otf */,
				B78A59A426E611A800BBA759 /* NotoSansKR-Thin.otf */,
			);
			path = Fonts;
			sourceTree = "<group>";
		};
		B7C5DAA626C805230011EE41 /* model */ = {
			isa = PBXGroup;
			children = (
				B7C5DAA726C805640011EE41 /* BigRoundedbutton.swift */,
				B724315A26C18A950091152E /* SmallRoundedBtn.swift */,
				B7C5DAA926C805D50011EE41 /* ThumbnailImg.swift */,
				B79DE32426EB34A20098285B /* PinCard.swift */,
			);
			path = model;
			sourceTree = "<group>";
		};
		B7C5DAAB26C809B80011EE41 /* viewModel */ = {
			isa = PBXGroup;
			children = (
				B7C5DAAC26C80A550011EE41 /* MainViewModel.swift */,
				B70908FF26E1FD990075BF50 /* SearchViewModel.swift */,
				B74B3C04270CA21B00C6284C /* MeetingFilterViewModel.swift */,
				B797A3AC270F5C6700A87047 /* MeetingDetailViewModel.swift */,
				B7FA1D7D27148F82005F924A /* MeetingContentViewModel.swift */,
				B7E6BFEC27180759006051DA /* CommunityDetailViewModel.swift */,
				B70062C4272DB1AF00639CBE /* CommunityContentViewModel.swift */,
				B71CF7E8273C0A6A00B9E360 /* StoryDetailViewModel.swift */,
			);
			path = viewModel;
			sourceTree = "<group>";
		};
		B7D0EBA426E12551009FB747 /* viewController */ = {
			isa = PBXGroup;
			children = (
				B7EE75A1274A85CA00AB0B38 /* SignUp */,
				B74B3C08270E049600C6284C /* PinMakeVC */,
				B70CFC2426BFD82500B7DA74 /* ViewController.swift */,
				B74F96A726E4A80E0064B900 /* SearchViewController.swift */,
				B7DE776C270B668900F8F0EB /* MeetingFilterController.swift */,
				B7DE7770270B760300F8F0EB /* StoryFilterController.swift */,
				B7DE776E270B75F700F8F0EB /* CommunityFilterController.swift */,
				B706B766274546B60017CBB0 /* LoginVC.swift */,
				B7451A402757D3A800643AD7 /* CardDetailViewController.swift */,
			);
			path = viewController;
			sourceTree = "<group>";
		};
		B7EE75A1274A85CA00AB0B38 /* SignUp */ = {
			isa = PBXGroup;
			children = (
				B7F0593E2749601600F0E431 /* SignUpVC.swift */,
				B7EE75A2274A861400AB0B38 /* SignUpUI.swift */,
				B7B72834274D2D7C00451871 /* HalfModalView.swift */,
				B70228E8274EA4B600D412A4 /* CertificationVC.swift */,
				B7639528274FFBC500F30D3D /* NicknameVC.swift */,
				B76FA57F27555857005E577F /* ProfileVC.swift */,
			);
			path = SignUp;
			sourceTree = "<group>";
		};
/* End PBXGroup section */

/* Begin PBXNativeTarget section */
		B70CFC1C26BFD82500B7DA74 /* pins_ios */ = {
			isa = PBXNativeTarget;
			buildConfigurationList = B70CFC3126BFD82600B7DA74 /* Build configuration list for PBXNativeTarget "pins_ios" */;
			buildPhases = (
				E2A78646B270E5CDB35249BE /* [CP] Check Pods Manifest.lock */,
				B70CFC1926BFD82500B7DA74 /* Sources */,
				B70CFC1A26BFD82500B7DA74 /* Frameworks */,
				B70CFC1B26BFD82500B7DA74 /* Resources */,
				111B6B75E5A6112E6E420088 /* [CP] Embed Pods Frameworks */,
			);
			buildRules = (
			);
			dependencies = (
			);
			name = pins_ios;
			productName = pins_ios;
			productReference = B70CFC1D26BFD82500B7DA74 /* pins_ios.app */;
			productType = "com.apple.product-type.application";
		};
/* End PBXNativeTarget section */

/* Begin PBXProject section */
		B70CFC1526BFD82500B7DA74 /* Project object */ = {
			isa = PBXProject;
			attributes = {
				LastSwiftUpdateCheck = 1250;
				LastUpgradeCheck = 1250;
				TargetAttributes = {
					B70CFC1C26BFD82500B7DA74 = {
						CreatedOnToolsVersion = 12.5.1;
					};
				};
			};
			buildConfigurationList = B70CFC1826BFD82500B7DA74 /* Build configuration list for PBXProject "pins_ios" */;
			compatibilityVersion = "Xcode 10.0";
			developmentRegion = en;
			hasScannedForEncodings = 0;
			knownRegions = (
				en,
				Base,
			);
			mainGroup = B70CFC1426BFD82500B7DA74;
			productRefGroup = B70CFC1E26BFD82500B7DA74 /* Products */;
			projectDirPath = "";
			projectRoot = "";
			targets = (
				B70CFC1C26BFD82500B7DA74 /* pins_ios */,
			);
		};
/* End PBXProject section */

/* Begin PBXResourcesBuildPhase section */
		B70CFC1B26BFD82500B7DA74 /* Resources */ = {
			isa = PBXResourcesBuildPhase;
			buildActionMask = 2147483647;
			files = (
				B71838A02712251600F0BEA1 /* LaunchScreen.storyboard in Resources */,
				B78A59AA26E611A800BBA759 /* NotoSansKR-Thin.otf in Resources */,
				B78A59A726E611A800BBA759 /* NotoSansKR-Light.otf in Resources */,
				B70CFC2A26BFD82600B7DA74 /* Assets.xcassets in Resources */,
				B718389D271224F000F0BEA1 /* Main.storyboard in Resources */,
				B78A59A626E611A800BBA759 /* NotoSansKR-Medium.otf in Resources */,
				B78A59A526E611A800BBA759 /* NotoSansKR-Bold.otf in Resources */,
				B78A59A826E611A800BBA759 /* NotoSansKR-Regular.otf in Resources */,
				B78A59A926E611A800BBA759 /* NotoSansKR-Black.otf in Resources */,
			);
			runOnlyForDeploymentPostprocessing = 0;
		};
/* End PBXResourcesBuildPhase section */

/* Begin PBXShellScriptBuildPhase section */
		111B6B75E5A6112E6E420088 /* [CP] Embed Pods Frameworks */ = {
			isa = PBXShellScriptBuildPhase;
			buildActionMask = 2147483647;
			files = (
			);
			inputFileListPaths = (
				"${PODS_ROOT}/Target Support Files/Pods-pins_ios/Pods-pins_ios-frameworks-${CONFIGURATION}-input-files.xcfilelist",
			);
			name = "[CP] Embed Pods Frameworks";
			outputFileListPaths = (
				"${PODS_ROOT}/Target Support Files/Pods-pins_ios/Pods-pins_ios-frameworks-${CONFIGURATION}-output-files.xcfilelist",
			);
			runOnlyForDeploymentPostprocessing = 0;
			shellPath = /bin/sh;
			shellScript = "\"${PODS_ROOT}/Target Support Files/Pods-pins_ios/Pods-pins_ios-frameworks.sh\"\n";
			showEnvVarsInLog = 0;
		};
		E2A78646B270E5CDB35249BE /* [CP] Check Pods Manifest.lock */ = {
			isa = PBXShellScriptBuildPhase;
			buildActionMask = 2147483647;
			files = (
			);
			inputFileListPaths = (
			);
			inputPaths = (
				"${PODS_PODFILE_DIR_PATH}/Podfile.lock",
				"${PODS_ROOT}/Manifest.lock",
			);
			name = "[CP] Check Pods Manifest.lock";
			outputFileListPaths = (
			);
			outputPaths = (
				"$(DERIVED_FILE_DIR)/Pods-pins_ios-checkManifestLockResult.txt",
			);
			runOnlyForDeploymentPostprocessing = 0;
			shellPath = /bin/sh;
			shellScript = "diff \"${PODS_PODFILE_DIR_PATH}/Podfile.lock\" \"${PODS_ROOT}/Manifest.lock\" > /dev/null\nif [ $? != 0 ] ; then\n    # print error to STDERR\n    echo \"error: The sandbox is not in sync with the Podfile.lock. Run 'pod install' or update your CocoaPods installation.\" >&2\n    exit 1\nfi\n# This output is used by Xcode 'outputs' to avoid re-running this script phase.\necho \"SUCCESS\" > \"${SCRIPT_OUTPUT_FILE_0}\"\n";
			showEnvVarsInLog = 0;
		};
/* End PBXShellScriptBuildPhase section */

/* Begin PBXSourcesBuildPhase section */
		B70CFC1926BFD82500B7DA74 /* Sources */ = {
			isa = PBXSourcesBuildPhase;
			buildActionMask = 2147483647;
			files = (
				B741BA4826E8FCFD00BB04E7 /* Place.swift in Sources */,
				B7E6BFED27180759006051DA /* CommunityDetailViewModel.swift in Sources */,
				B709090926E273840075BF50 /* HomeResponse.swift in Sources */,
				B76FA58027555857005E577F /* ProfileVC.swift in Sources */,
				B70CFC3526BFDC0C00B7DA74 /* PinMaker.swift in Sources */,
				B724315B26C18A950091152E /* SmallRoundedBtn.swift in Sources */,
				B76080DA2713507E000A710D /* MeetingDetailVCSlider.swift in Sources */,
				B7FA1D7E27148F82005F924A /* MeetingContentViewModel.swift in Sources */,
				B797A3AD270F5C6700A87047 /* MeetingDetailViewModel.swift in Sources */,
				B7E6BFEB2718071A006051DA /* CommunityDetailVCUI.swift in Sources */,
				B7C5DAA826C805640011EE41 /* BigRoundedbutton.swift in Sources */,
				B7A0D84926EA571200AD5B46 /* Pin.swift in Sources */,
				B70062C5272DB1AF00639CBE /* CommunityContentViewModel.swift in Sources */,
				B7451A412757D3A800643AD7 /* CardDetailViewController.swift in Sources */,
				B77EC71926F0EF5E0002C0D6 /* GetKeywordCard.swift in Sources */,
				B787EA0126E4FEC30044D786 /* MainViewEventManager.swift in Sources */,
				B7F0593F2749601600F0E431 /* SignUpVC.swift in Sources */,
				B7EB600B271319930037B7C6 /* MeetingDetailViewEventManager.swift in Sources */,
				B74B3C07270DF9BB00C6284C /* PinMakeViewController.swift in Sources */,
				B7B72835274D2D7C00451871 /* HalfModalView.swift in Sources */,
				B74F96A826E4A80E0064B900 /* SearchViewController.swift in Sources */,
				B71CF7E9273C0A6A00B9E360 /* StoryDetailViewModel.swift in Sources */,
				B706B77027460D6C0017CBB0 /* TextField.swift in Sources */,
				B7F06731270740ED00CFCE13 /* GetKeyword.swift in Sources */,
				B70228E7274E8DA300D412A4 /* Extension+String.swift in Sources */,
				B7FBC47826C28730001838D1 /* CustomPintAnnotation.swift in Sources */,
				B797A3A6270F459B00A87047 /* MeetingPin.swift in Sources */,
				B70ADB8926FF8902007997E2 /* GetCardByPinId.swift in Sources */,
				B704F03C26E36C5900DA9E06 /* Cell.swift in Sources */,
				B70CFC2526BFD82500B7DA74 /* ViewController.swift in Sources */,
				B7BFF298270F784B005AD1B8 /* MeetingDateCell.swift in Sources */,
				B7A0D84B26EA6ECF00AD5B46 /* Gradient.swift in Sources */,
				B7DE776F270B75F700F8F0EB /* CommunityFilterController.swift in Sources */,
				B7E6BFE927180437006051DA /* CommunityDetailVC.swift in Sources */,
				B77EC71726F0EF540002C0D6 /* GetPlaceCard.swift in Sources */,
				B70062BF272D937D00639CBE /* CommunityDetailEventManager.swift in Sources */,
				B7A0D84D26EA6FF700AD5B46 /* CarouselCell.swift in Sources */,
				B74F96AB26E4AB0B0064B900 /* Extension+CLLocationCoordinate2D.swift in Sources */,
				B74F96AD26E4AB3E0064B900 /* Extension+UISearchBar.swift in Sources */,
				B74CDCA526DF9AA200043ADE /* MainVCUI.swift in Sources */,
				B74CDCA726DF9AB100043ADE /* SearchVCUI.swift in Sources */,
				B709090626E263620075BF50 /* GetKeywordPinAPI.swift in Sources */,
				B741BA4626E8F5E800BB04E7 /* GetPlaceKeyword.swift in Sources */,
				B70CFC2126BFD82500B7DA74 /* AppDelegate.swift in Sources */,
				B7DE7771270B760300F8F0EB /* StoryFilterController.swift in Sources */,
				B7F4417326EB92C200546257 /* UIImage.swift in Sources */,
				B728919F273A52440075169D /* StoryDetailVC.swift in Sources */,
				B741BA4B26E9116B00BB04E7 /* Debouncer.swift in Sources */,
				B71CF7EB273C1DEC00B9E360 /* StoryContentVC.swift in Sources */,
				B706B76E274565DC0017CBB0 /* Button.swift in Sources */,
				B79DE32526EB34A20098285B /* PinCard.swift in Sources */,
				B709090026E1FD990075BF50 /* SearchViewModel.swift in Sources */,
				B7FA1D782714889D005F924A /* MeetingContentVC.swift in Sources */,
				B797A3AB270F55BF00A87047 /* MeetingDetailVC.swift in Sources */,
				B706B76C274564810017CBB0 /* Extension+UIButton.swift in Sources */,
				B7EB6007271300DF0037B7C6 /* Extension+UIView.swift in Sources */,
				B70062C3272DA6BA00639CBE /* CommunityContentVC.swift in Sources */,
				B7EE75A3274A861400AB0B38 /* SignUpUI.swift in Sources */,
				B7BEFB022756883600A34A49 /* GetMeetingPin.swift in Sources */,
				B7B72837274D4F0500451871 /* SIgnupUser.swift in Sources */,
				B7B70B2226F78F0D006052A1 /* RecentSearchModel.xcdatamodeld in Sources */,
				B706B767274546B60017CBB0 /* LoginVC.swift in Sources */,
				B70062C1272D93C700639CBE /* CommunityPin.swift in Sources */,
				B7F06733270759D200CFCE13 /* GetLocation.swift in Sources */,
				B7C5DAAA26C805D50011EE41 /* ThumbnailImg.swift in Sources */,
				B70253E7273ADC3500119E4E /* Extension+UIImage.swift in Sources */,
				B736564E2739852900DDFB5E /* ViewControllers.swift in Sources */,
				B7FA1D7C27148D3B005F924A /* Extension+UITextField.swift in Sources */,
				B70CFC2326BFD82500B7DA74 /* SceneDelegate.swift in Sources */,
				B7F0593D27493D9A00F0E431 /* BaseViewController.swift in Sources */,
				B77EC71526F0E59A0002C0D6 /* GetSearchKeywordPinAPI.swift in Sources */,
				B76FA57E2755270F005E577F /* PostCheckNickname.swift in Sources */,
				B7EB60092713010C0037B7C6 /* MeetingDetailVCUI.swift in Sources */,
				B7C3F0D52756621700688165 /* PostSignup.swift in Sources */,
				B709090326E2006E0075BF50 /* SearchViewEventManager.swift in Sources */,
				B7639529274FFBC500F30D3D /* NicknameVC.swift in Sources */,
				B7F4417526EBB62100546257 /* PinType.swift in Sources */,
				B7FA1D8027149D36005F924A /* PostMeetingPin.swift in Sources */,
				B7639527274FE65B00F30D3D /* Extension+UILabel.swift in Sources */,
				B7EEC995272ECC9B00AD98B0 /* PostCommunityPin.swift in Sources */,
				B7EE75A5274A9D4300AB0B38 /* LabelButton.swift in Sources */,
				B7451A3F2757C84400643AD7 /* MeetingCardDetail.swift in Sources */,
				B74B3C03270C12C000C6284C /* FilterCell.swift in Sources */,
				B74B3C05270CA21B00C6284C /* MeetingFilterViewModel.swift in Sources */,
				B704D48026DBCE6800DB20D2 /* AnimationManager.swift in Sources */,
				B70228E9274EA4B600D412A4 /* CertificationVC.swift in Sources */,
				B7DE776D270B668900F8F0EB /* MeetingFilterController.swift in Sources */,
				B7B70B2826F78FBE006052A1 /* CoreDataManager.swift in Sources */,
				B7C5DAAD26C80A550011EE41 /* MainViewModel.swift in Sources */,
				B73572A22700BB5300E1967E /* RecentResearchTerm+CoreDataClass.swift in Sources */,
				B73572A32700BB5300E1967E /* RecentResearchTerm+CoreDataProperties.swift in Sources */,
			);
			runOnlyForDeploymentPostprocessing = 0;
		};
/* End PBXSourcesBuildPhase section */

/* Begin PBXVariantGroup section */
		B718389B271224F000F0BEA1 /* Main.storyboard */ = {
			isa = PBXVariantGroup;
			children = (
				B718389C271224F000F0BEA1 /* Base */,
			);
			name = Main.storyboard;
			sourceTree = "<group>";
		};
		B718389E2712251600F0BEA1 /* LaunchScreen.storyboard */ = {
			isa = PBXVariantGroup;
			children = (
				B718389F2712251600F0BEA1 /* Base */,
			);
			name = LaunchScreen.storyboard;
			sourceTree = "<group>";
		};
/* End PBXVariantGroup section */

/* Begin XCBuildConfiguration section */
		B70CFC2F26BFD82600B7DA74 /* Debug */ = {
			isa = XCBuildConfiguration;
			buildSettings = {
				ALWAYS_SEARCH_USER_PATHS = NO;
				CLANG_ANALYZER_NONNULL = YES;
				CLANG_ANALYZER_NUMBER_OBJECT_CONVERSION = YES_AGGRESSIVE;
				CLANG_CXX_LANGUAGE_STANDARD = "gnu++14";
				CLANG_CXX_LIBRARY = "libc++";
				CLANG_ENABLE_MODULES = YES;
				CLANG_ENABLE_OBJC_ARC = YES;
				CLANG_ENABLE_OBJC_WEAK = YES;
				CLANG_WARN_BLOCK_CAPTURE_AUTORELEASING = YES;
				CLANG_WARN_BOOL_CONVERSION = YES;
				CLANG_WARN_COMMA = YES;
				CLANG_WARN_CONSTANT_CONVERSION = YES;
				CLANG_WARN_DEPRECATED_OBJC_IMPLEMENTATIONS = YES;
				CLANG_WARN_DIRECT_OBJC_ISA_USAGE = YES_ERROR;
				CLANG_WARN_DOCUMENTATION_COMMENTS = YES;
				CLANG_WARN_EMPTY_BODY = YES;
				CLANG_WARN_ENUM_CONVERSION = YES;
				CLANG_WARN_INFINITE_RECURSION = YES;
				CLANG_WARN_INT_CONVERSION = YES;
				CLANG_WARN_NON_LITERAL_NULL_CONVERSION = YES;
				CLANG_WARN_OBJC_IMPLICIT_RETAIN_SELF = YES;
				CLANG_WARN_OBJC_LITERAL_CONVERSION = YES;
				CLANG_WARN_OBJC_ROOT_CLASS = YES_ERROR;
				CLANG_WARN_QUOTED_INCLUDE_IN_FRAMEWORK_HEADER = YES;
				CLANG_WARN_RANGE_LOOP_ANALYSIS = YES;
				CLANG_WARN_STRICT_PROTOTYPES = YES;
				CLANG_WARN_SUSPICIOUS_MOVE = YES;
				CLANG_WARN_UNGUARDED_AVAILABILITY = YES_AGGRESSIVE;
				CLANG_WARN_UNREACHABLE_CODE = YES;
				CLANG_WARN__DUPLICATE_METHOD_MATCH = YES;
				COPY_PHASE_STRIP = NO;
				DEBUG_INFORMATION_FORMAT = dwarf;
				ENABLE_STRICT_OBJC_MSGSEND = YES;
				ENABLE_TESTABILITY = YES;
				GCC_C_LANGUAGE_STANDARD = gnu11;
				GCC_DYNAMIC_NO_PIC = NO;
				GCC_NO_COMMON_BLOCKS = YES;
				GCC_OPTIMIZATION_LEVEL = 0;
				GCC_PREPROCESSOR_DEFINITIONS = (
					"DEBUG=1",
					"$(inherited)",
				);
				GCC_WARN_64_TO_32_BIT_CONVERSION = YES;
				GCC_WARN_ABOUT_RETURN_TYPE = YES_ERROR;
				GCC_WARN_UNDECLARED_SELECTOR = YES;
				GCC_WARN_UNINITIALIZED_AUTOS = YES_AGGRESSIVE;
				GCC_WARN_UNUSED_FUNCTION = YES;
				GCC_WARN_UNUSED_VARIABLE = YES;
				IPHONEOS_DEPLOYMENT_TARGET = 14.5;
				MTL_ENABLE_DEBUG_INFO = INCLUDE_SOURCE;
				MTL_FAST_MATH = YES;
				ONLY_ACTIVE_ARCH = YES;
				SDKROOT = iphoneos;
				SWIFT_ACTIVE_COMPILATION_CONDITIONS = DEBUG;
				SWIFT_OPTIMIZATION_LEVEL = "-Onone";
			};
			name = Debug;
		};
		B70CFC3026BFD82600B7DA74 /* Release */ = {
			isa = XCBuildConfiguration;
			buildSettings = {
				ALWAYS_SEARCH_USER_PATHS = NO;
				CLANG_ANALYZER_NONNULL = YES;
				CLANG_ANALYZER_NUMBER_OBJECT_CONVERSION = YES_AGGRESSIVE;
				CLANG_CXX_LANGUAGE_STANDARD = "gnu++14";
				CLANG_CXX_LIBRARY = "libc++";
				CLANG_ENABLE_MODULES = YES;
				CLANG_ENABLE_OBJC_ARC = YES;
				CLANG_ENABLE_OBJC_WEAK = YES;
				CLANG_WARN_BLOCK_CAPTURE_AUTORELEASING = YES;
				CLANG_WARN_BOOL_CONVERSION = YES;
				CLANG_WARN_COMMA = YES;
				CLANG_WARN_CONSTANT_CONVERSION = YES;
				CLANG_WARN_DEPRECATED_OBJC_IMPLEMENTATIONS = YES;
				CLANG_WARN_DIRECT_OBJC_ISA_USAGE = YES_ERROR;
				CLANG_WARN_DOCUMENTATION_COMMENTS = YES;
				CLANG_WARN_EMPTY_BODY = YES;
				CLANG_WARN_ENUM_CONVERSION = YES;
				CLANG_WARN_INFINITE_RECURSION = YES;
				CLANG_WARN_INT_CONVERSION = YES;
				CLANG_WARN_NON_LITERAL_NULL_CONVERSION = YES;
				CLANG_WARN_OBJC_IMPLICIT_RETAIN_SELF = YES;
				CLANG_WARN_OBJC_LITERAL_CONVERSION = YES;
				CLANG_WARN_OBJC_ROOT_CLASS = YES_ERROR;
				CLANG_WARN_QUOTED_INCLUDE_IN_FRAMEWORK_HEADER = YES;
				CLANG_WARN_RANGE_LOOP_ANALYSIS = YES;
				CLANG_WARN_STRICT_PROTOTYPES = YES;
				CLANG_WARN_SUSPICIOUS_MOVE = YES;
				CLANG_WARN_UNGUARDED_AVAILABILITY = YES_AGGRESSIVE;
				CLANG_WARN_UNREACHABLE_CODE = YES;
				CLANG_WARN__DUPLICATE_METHOD_MATCH = YES;
				COPY_PHASE_STRIP = NO;
				DEBUG_INFORMATION_FORMAT = "dwarf-with-dsym";
				ENABLE_NS_ASSERTIONS = NO;
				ENABLE_STRICT_OBJC_MSGSEND = YES;
				GCC_C_LANGUAGE_STANDARD = gnu11;
				GCC_NO_COMMON_BLOCKS = YES;
				GCC_WARN_64_TO_32_BIT_CONVERSION = YES;
				GCC_WARN_ABOUT_RETURN_TYPE = YES_ERROR;
				GCC_WARN_UNDECLARED_SELECTOR = YES;
				GCC_WARN_UNINITIALIZED_AUTOS = YES_AGGRESSIVE;
				GCC_WARN_UNUSED_FUNCTION = YES;
				GCC_WARN_UNUSED_VARIABLE = YES;
				IPHONEOS_DEPLOYMENT_TARGET = 14.5;
				MTL_ENABLE_DEBUG_INFO = NO;
				MTL_FAST_MATH = YES;
				SDKROOT = iphoneos;
				SWIFT_COMPILATION_MODE = wholemodule;
				SWIFT_OPTIMIZATION_LEVEL = "-O";
				VALIDATE_PRODUCT = YES;
			};
			name = Release;
		};
		B70CFC3226BFD82600B7DA74 /* Debug */ = {
			isa = XCBuildConfiguration;
			baseConfigurationReference = B8817DC6ED24C308687E6104 /* Pods-pins_ios.debug.xcconfig */;
			buildSettings = {
				ASSETCATALOG_COMPILER_APPICON_NAME = AppIcon;
				ASSETCATALOG_COMPILER_GLOBAL_ACCENT_COLOR_NAME = AccentColor;
				ASSETCATALOG_COMPILER_INCLUDE_ALL_APPICON_ASSETS = NO;
				CODE_SIGN_IDENTITY = "Apple Development";
				CODE_SIGN_STYLE = Automatic;
				DEVELOPMENT_TEAM = X843D4L2C2;
				EXCLUDED_ARCHS = Arm64;
				INFOPLIST_FILE = pins_ios/Info.plist;
				IPHONEOS_DEPLOYMENT_TARGET = 14.3;
				LD_RUNPATH_SEARCH_PATHS = (
					"$(inherited)",
					"@executable_path/Frameworks",
				);
				PRODUCT_BUNDLE_IDENTIFIER = com.pins.judongseok;
				PRODUCT_NAME = "$(TARGET_NAME)";
				PROVISIONING_PROFILE_SPECIFIER = "";
				SWIFT_VERSION = 5.0;
				TARGETED_DEVICE_FAMILY = "1,2";
			};
			name = Debug;
		};
		B70CFC3326BFD82600B7DA74 /* Release */ = {
			isa = XCBuildConfiguration;
			baseConfigurationReference = 2D0B3C31DB79E4926C9C74A0 /* Pods-pins_ios.release.xcconfig */;
			buildSettings = {
				ASSETCATALOG_COMPILER_APPICON_NAME = AppIcon;
				ASSETCATALOG_COMPILER_GLOBAL_ACCENT_COLOR_NAME = AccentColor;
				ASSETCATALOG_COMPILER_INCLUDE_ALL_APPICON_ASSETS = NO;
				CODE_SIGN_IDENTITY = "Apple Development: wnehdtjr5@naver.com (CXQ3P5G24B)";
				CODE_SIGN_STYLE = Automatic;
				DEVELOPMENT_TEAM = X843D4L2C2;
				EXCLUDED_ARCHS = Arm64;
				INFOPLIST_FILE = pins_ios/Info.plist;
				IPHONEOS_DEPLOYMENT_TARGET = 14.3;
				LD_RUNPATH_SEARCH_PATHS = (
					"$(inherited)",
					"@executable_path/Frameworks",
				);
				PRODUCT_BUNDLE_IDENTIFIER = com.pins.judongseok;
				PRODUCT_NAME = "$(TARGET_NAME)";
				PROVISIONING_PROFILE_SPECIFIER = "";
				SWIFT_VERSION = 5.0;
				TARGETED_DEVICE_FAMILY = "1,2";
			};
			name = Release;
		};
/* End XCBuildConfiguration section */

/* Begin XCConfigurationList section */
		B70CFC1826BFD82500B7DA74 /* Build configuration list for PBXProject "pins_ios" */ = {
			isa = XCConfigurationList;
			buildConfigurations = (
				B70CFC2F26BFD82600B7DA74 /* Debug */,
				B70CFC3026BFD82600B7DA74 /* Release */,
			);
			defaultConfigurationIsVisible = 0;
			defaultConfigurationName = Release;
		};
		B70CFC3126BFD82600B7DA74 /* Build configuration list for PBXNativeTarget "pins_ios" */ = {
			isa = XCConfigurationList;
			buildConfigurations = (
				B70CFC3226BFD82600B7DA74 /* Debug */,
				B70CFC3326BFD82600B7DA74 /* Release */,
			);
			defaultConfigurationIsVisible = 0;
			defaultConfigurationName = Release;
		};
/* End XCConfigurationList section */

/* Begin XCVersionGroup section */
		B7B70B2026F78F0D006052A1 /* RecentSearchModel.xcdatamodeld */ = {
			isa = XCVersionGroup;
			children = (
				B7B70B2126F78F0D006052A1 /* RecentSearchModel.xcdatamodel */,
			);
			currentVersion = B7B70B2126F78F0D006052A1 /* RecentSearchModel.xcdatamodel */;
			path = RecentSearchModel.xcdatamodeld;
			sourceTree = "<group>";
			versionGroupType = wrapper.xcdatamodel;
		};
/* End XCVersionGroup section */
	};
	rootObject = B70CFC1526BFD82500B7DA74 /* Project object */;
}
