// !$*UTF8*$!
{
	archiveVersion = 1;
	classes = {
	};
	objectVersion = 55;
	objects = {

/* Begin PBXBuildFile section */
		B71F24E3278FB23D003D8DE3 /* BaseViewController.swift in Sources */ = {isa = PBXBuildFile; fileRef = B71F24E2278FB23D003D8DE3 /* BaseViewController.swift */; };
		B71F24E7278FC33A003D8DE3 /* CustomLabel.swift in Sources */ = {isa = PBXBuildFile; fileRef = B71F24E6278FC33A003D8DE3 /* CustomLabel.swift */; };
		B71F24EF278FC6A0003D8DE3 /* NotoSansKR-Light.otf in Resources */ = {isa = PBXBuildFile; fileRef = B71F24E9278FC69F003D8DE3 /* NotoSansKR-Light.otf */; };
		B71F24F0278FC6A1003D8DE3 /* NotoSansKR-Regular.otf in Resources */ = {isa = PBXBuildFile; fileRef = B71F24EA278FC6A0003D8DE3 /* NotoSansKR-Regular.otf */; };
		B71F24F1278FC6A1003D8DE3 /* NotoSansKR-Thin.otf in Resources */ = {isa = PBXBuildFile; fileRef = B71F24EB278FC6A0003D8DE3 /* NotoSansKR-Thin.otf */; };
		B71F24F2278FC6A1003D8DE3 /* NotoSansKR-Bold.otf in Resources */ = {isa = PBXBuildFile; fileRef = B71F24EC278FC6A0003D8DE3 /* NotoSansKR-Bold.otf */; };
		B71F24F3278FC6A1003D8DE3 /* NotoSansKR-Black.otf in Resources */ = {isa = PBXBuildFile; fileRef = B71F24ED278FC6A0003D8DE3 /* NotoSansKR-Black.otf */; };
		B71F24F4278FC6A1003D8DE3 /* NotoSansKR-Medium.otf in Resources */ = {isa = PBXBuildFile; fileRef = B71F24EE278FC6A0003D8DE3 /* NotoSansKR-Medium.otf */; };
		B739C90527AEB4A900DF5FCF /* RxSwift in Frameworks */ = {isa = PBXBuildFile; productRef = B739C90427AEB4A900DF5FCF /* RxSwift */; };
		B739C90727AEB4B900DF5FCF /* RxCocoa in Frameworks */ = {isa = PBXBuildFile; productRef = B739C90627AEB4B900DF5FCF /* RxCocoa */; };
		B739C90927AEB4BC00DF5FCF /* SnapKit in Frameworks */ = {isa = PBXBuildFile; productRef = B739C90827AEB4BC00DF5FCF /* SnapKit */; };
		B739C90B27AEB4BE00DF5FCF /* Alamofire in Frameworks */ = {isa = PBXBuildFile; productRef = B739C90A27AEB4BE00DF5FCF /* Alamofire */; };
		B739C90D27AEC85F00DF5FCF /* SearchViewModel.swift in Sources */ = {isa = PBXBuildFile; fileRef = B739C90C27AEC85F00DF5FCF /* SearchViewModel.swift */; };
		B73B4705278EFD3E00A60C37 /* UIScreenSize.swift in Sources */ = {isa = PBXBuildFile; fileRef = B73B4704278EFD3E00A60C37 /* UIScreenSize.swift */; };
		B73B4707278F02D300A60C37 /* Extension+UIColor.swift in Sources */ = {isa = PBXBuildFile; fileRef = B73B4706278F02D300A60C37 /* Extension+UIColor.swift */; };
		B74EC84E2791CC9B005745C0 /* Extension+UIView.swift in Sources */ = {isa = PBXBuildFile; fileRef = B74EC84D2791CC9B005745C0 /* Extension+UIView.swift */; };
		B76FFD072793103900CA9AEB /* GetHomePinAndCard.swift in Sources */ = {isa = PBXBuildFile; fileRef = B76FFD062793103900CA9AEB /* GetHomePinAndCard.swift */; };
		B76FFD0F2793165700CA9AEB /* UnitTestAPI.swift in Sources */ = {isa = PBXBuildFile; fileRef = B76FFD0E2793165700CA9AEB /* UnitTestAPI.swift */; };
		B76FFD16279324CB00CA9AEB /* NetworkResult.swift in Sources */ = {isa = PBXBuildFile; fileRef = B76FFD15279324CB00CA9AEB /* NetworkResult.swift */; };
		B79112A627B6A7980014E7FE /* ViewController+CustomCell.swift in Sources */ = {isa = PBXBuildFile; fileRef = B79112A527B6A7980014E7FE /* ViewController+CustomCell.swift */; };
		B79112A827B6AB4E0014E7FE /* CustomImage.swift in Sources */ = {isa = PBXBuildFile; fileRef = B79112A727B6AB4E0014E7FE /* CustomImage.swift */; };
		B79B7BC327964AD400D43640 /* SearchViewController.swift in Sources */ = {isa = PBXBuildFile; fileRef = B79B7BC227964AD400D43640 /* SearchViewController.swift */; };
		B79B7BC52796557200D43640 /* CustomTextField.swift in Sources */ = {isa = PBXBuildFile; fileRef = B79B7BC42796557200D43640 /* CustomTextField.swift */; };
		B79B7BC727965BFB00D43640 /* SearchViewController+Action.swift in Sources */ = {isa = PBXBuildFile; fileRef = B79B7BC627965BFB00D43640 /* SearchViewController+Action.swift */; };
		B7B5B6E4278E5EEE002BDBEA /* AppDelegate.swift in Sources */ = {isa = PBXBuildFile; fileRef = B7B5B6E3278E5EEE002BDBEA /* AppDelegate.swift */; };
		B7B5B6E6278E5EEE002BDBEA /* SceneDelegate.swift in Sources */ = {isa = PBXBuildFile; fileRef = B7B5B6E5278E5EEE002BDBEA /* SceneDelegate.swift */; };
		B7B5B6E8278E5EEE002BDBEA /* ViewController.swift in Sources */ = {isa = PBXBuildFile; fileRef = B7B5B6E7278E5EEE002BDBEA /* ViewController.swift */; };
		B7B5B6EB278E5EEE002BDBEA /* Main.storyboard in Resources */ = {isa = PBXBuildFile; fileRef = B7B5B6E9278E5EEE002BDBEA /* Main.storyboard */; };
		B7B5B6EE278E5EEE002BDBEA /* Pins.xcdatamodeld in Sources */ = {isa = PBXBuildFile; fileRef = B7B5B6EC278E5EEE002BDBEA /* Pins.xcdatamodeld */; };
		B7B5B6F0278E5EEF002BDBEA /* Assets.xcassets in Resources */ = {isa = PBXBuildFile; fileRef = B7B5B6EF278E5EEF002BDBEA /* Assets.xcassets */; };
		B7B5B6F3278E5EEF002BDBEA /* LaunchScreen.storyboard in Resources */ = {isa = PBXBuildFile; fileRef = B7B5B6F1278E5EEF002BDBEA /* LaunchScreen.storyboard */; };
		B7B5B6FC278E60E2002BDBEA /* CustomButton.swift in Sources */ = {isa = PBXBuildFile; fileRef = B7B5B6FB278E60E2002BDBEA /* CustomButton.swift */; };
		B7BBC85727B2A86B003BC76C /* CustomCollectionView.swift in Sources */ = {isa = PBXBuildFile; fileRef = B7BBC85627B2A86B003BC76C /* CustomCollectionView.swift */; };
		B7BBC85927B2AECE003BC76C /* ViewController+CollectionView.swift in Sources */ = {isa = PBXBuildFile; fileRef = B7BBC85827B2AECE003BC76C /* ViewController+CollectionView.swift */; };
		B7C8103D279043A800258CC5 /* ViewController+Map.swift in Sources */ = {isa = PBXBuildFile; fileRef = B7C8103C279043A800258CC5 /* ViewController+Map.swift */; };
		B7C8103F2790534C00258CC5 /* ViewController+Action.swift in Sources */ = {isa = PBXBuildFile; fileRef = B7C8103E2790534C00258CC5 /* ViewController+Action.swift */; };
/* End PBXBuildFile section */

/* Begin PBXContainerItemProxy section */
		B76FFD102793165700CA9AEB /* PBXContainerItemProxy */ = {
			isa = PBXContainerItemProxy;
			containerPortal = B7B5B6D8278E5EED002BDBEA /* Project object */;
			proxyType = 1;
			remoteGlobalIDString = B7B5B6DF278E5EEE002BDBEA;
			remoteInfo = Pins;
		};
/* End PBXContainerItemProxy section */

/* Begin PBXCopyFilesBuildPhase section */
		B76FFCFA2793009200CA9AEB /* Embed Frameworks */ = {
			isa = PBXCopyFilesBuildPhase;
			buildActionMask = 2147483647;
			dstPath = "";
			dstSubfolderSpec = 10;
			files = (
			);
			name = "Embed Frameworks";
			runOnlyForDeploymentPostprocessing = 0;
		};
/* End PBXCopyFilesBuildPhase section */

/* Begin PBXFileReference section */
		B71F24E2278FB23D003D8DE3 /* BaseViewController.swift */ = {isa = PBXFileReference; lastKnownFileType = sourcecode.swift; path = BaseViewController.swift; sourceTree = "<group>"; };
		B71F24E6278FC33A003D8DE3 /* CustomLabel.swift */ = {isa = PBXFileReference; lastKnownFileType = sourcecode.swift; path = CustomLabel.swift; sourceTree = "<group>"; };
		B71F24E9278FC69F003D8DE3 /* NotoSansKR-Light.otf */ = {isa = PBXFileReference; lastKnownFileType = file; path = "NotoSansKR-Light.otf"; sourceTree = "<group>"; };
		B71F24EA278FC6A0003D8DE3 /* NotoSansKR-Regular.otf */ = {isa = PBXFileReference; lastKnownFileType = file; path = "NotoSansKR-Regular.otf"; sourceTree = "<group>"; };
		B71F24EB278FC6A0003D8DE3 /* NotoSansKR-Thin.otf */ = {isa = PBXFileReference; lastKnownFileType = file; path = "NotoSansKR-Thin.otf"; sourceTree = "<group>"; };
		B71F24EC278FC6A0003D8DE3 /* NotoSansKR-Bold.otf */ = {isa = PBXFileReference; lastKnownFileType = file; path = "NotoSansKR-Bold.otf"; sourceTree = "<group>"; };
		B71F24ED278FC6A0003D8DE3 /* NotoSansKR-Black.otf */ = {isa = PBXFileReference; lastKnownFileType = file; path = "NotoSansKR-Black.otf"; sourceTree = "<group>"; };
		B71F24EE278FC6A0003D8DE3 /* NotoSansKR-Medium.otf */ = {isa = PBXFileReference; lastKnownFileType = file; path = "NotoSansKR-Medium.otf"; sourceTree = "<group>"; };
		B739C90C27AEC85F00DF5FCF /* SearchViewModel.swift */ = {isa = PBXFileReference; lastKnownFileType = sourcecode.swift; path = SearchViewModel.swift; sourceTree = "<group>"; };
		B73B4704278EFD3E00A60C37 /* UIScreenSize.swift */ = {isa = PBXFileReference; lastKnownFileType = sourcecode.swift; path = UIScreenSize.swift; sourceTree = "<group>"; };
		B73B4706278F02D300A60C37 /* Extension+UIColor.swift */ = {isa = PBXFileReference; lastKnownFileType = sourcecode.swift; path = "Extension+UIColor.swift"; sourceTree = "<group>"; };
		B74EC84D2791CC9B005745C0 /* Extension+UIView.swift */ = {isa = PBXFileReference; lastKnownFileType = sourcecode.swift; path = "Extension+UIView.swift"; sourceTree = "<group>"; };
		B76FFD062793103900CA9AEB /* GetHomePinAndCard.swift */ = {isa = PBXFileReference; lastKnownFileType = sourcecode.swift; path = GetHomePinAndCard.swift; sourceTree = "<group>"; };
		B76FFD0C2793165700CA9AEB /* UnitTestAPI.xctest */ = {isa = PBXFileReference; explicitFileType = wrapper.cfbundle; includeInIndex = 0; path = UnitTestAPI.xctest; sourceTree = BUILT_PRODUCTS_DIR; };
		B76FFD0E2793165700CA9AEB /* UnitTestAPI.swift */ = {isa = PBXFileReference; lastKnownFileType = sourcecode.swift; path = UnitTestAPI.swift; sourceTree = "<group>"; };
		B76FFD15279324CB00CA9AEB /* NetworkResult.swift */ = {isa = PBXFileReference; lastKnownFileType = sourcecode.swift; path = NetworkResult.swift; sourceTree = "<group>"; };
		B79112A527B6A7980014E7FE /* ViewController+CustomCell.swift */ = {isa = PBXFileReference; lastKnownFileType = sourcecode.swift; path = "ViewController+CustomCell.swift"; sourceTree = "<group>"; };
		B79112A727B6AB4E0014E7FE /* CustomImage.swift */ = {isa = PBXFileReference; lastKnownFileType = sourcecode.swift; path = CustomImage.swift; sourceTree = "<group>"; };
		B79B7BC227964AD400D43640 /* SearchViewController.swift */ = {isa = PBXFileReference; lastKnownFileType = sourcecode.swift; path = SearchViewController.swift; sourceTree = "<group>"; };
		B79B7BC42796557200D43640 /* CustomTextField.swift */ = {isa = PBXFileReference; lastKnownFileType = sourcecode.swift; path = CustomTextField.swift; sourceTree = "<group>"; };
		B79B7BC627965BFB00D43640 /* SearchViewController+Action.swift */ = {isa = PBXFileReference; lastKnownFileType = sourcecode.swift; path = "SearchViewController+Action.swift"; sourceTree = "<group>"; };
		B7B5B6E0278E5EEE002BDBEA /* Pins.app */ = {isa = PBXFileReference; explicitFileType = wrapper.application; includeInIndex = 0; path = Pins.app; sourceTree = BUILT_PRODUCTS_DIR; };
		B7B5B6E3278E5EEE002BDBEA /* AppDelegate.swift */ = {isa = PBXFileReference; lastKnownFileType = sourcecode.swift; path = AppDelegate.swift; sourceTree = "<group>"; };
		B7B5B6E5278E5EEE002BDBEA /* SceneDelegate.swift */ = {isa = PBXFileReference; lastKnownFileType = sourcecode.swift; path = SceneDelegate.swift; sourceTree = "<group>"; };
		B7B5B6E7278E5EEE002BDBEA /* ViewController.swift */ = {isa = PBXFileReference; lastKnownFileType = sourcecode.swift; path = ViewController.swift; sourceTree = "<group>"; };
		B7B5B6EA278E5EEE002BDBEA /* Base */ = {isa = PBXFileReference; lastKnownFileType = file.storyboard; name = Base; path = Base.lproj/Main.storyboard; sourceTree = "<group>"; };
		B7B5B6ED278E5EEE002BDBEA /* Pins.xcdatamodel */ = {isa = PBXFileReference; lastKnownFileType = wrapper.xcdatamodel; path = Pins.xcdatamodel; sourceTree = "<group>"; };
		B7B5B6EF278E5EEF002BDBEA /* Assets.xcassets */ = {isa = PBXFileReference; lastKnownFileType = folder.assetcatalog; path = Assets.xcassets; sourceTree = "<group>"; };
		B7B5B6F2278E5EEF002BDBEA /* Base */ = {isa = PBXFileReference; lastKnownFileType = file.storyboard; name = Base; path = Base.lproj/LaunchScreen.storyboard; sourceTree = "<group>"; };
		B7B5B6F4278E5EEF002BDBEA /* Info.plist */ = {isa = PBXFileReference; lastKnownFileType = text.plist.xml; path = Info.plist; sourceTree = "<group>"; };
		B7B5B6FB278E60E2002BDBEA /* CustomButton.swift */ = {isa = PBXFileReference; lastKnownFileType = sourcecode.swift; path = CustomButton.swift; sourceTree = "<group>"; };
		B7BBC85627B2A86B003BC76C /* CustomCollectionView.swift */ = {isa = PBXFileReference; lastKnownFileType = sourcecode.swift; path = CustomCollectionView.swift; sourceTree = "<group>"; };
		B7BBC85827B2AECE003BC76C /* ViewController+CollectionView.swift */ = {isa = PBXFileReference; lastKnownFileType = sourcecode.swift; path = "ViewController+CollectionView.swift"; sourceTree = "<group>"; };
		B7C8103C279043A800258CC5 /* ViewController+Map.swift */ = {isa = PBXFileReference; lastKnownFileType = sourcecode.swift; path = "ViewController+Map.swift"; sourceTree = "<group>"; };
		B7C8103E2790534C00258CC5 /* ViewController+Action.swift */ = {isa = PBXFileReference; lastKnownFileType = sourcecode.swift; path = "ViewController+Action.swift"; sourceTree = "<group>"; };
/* End PBXFileReference section */

/* Begin PBXFrameworksBuildPhase section */
		B76FFD092793165700CA9AEB /* Frameworks */ = {
			isa = PBXFrameworksBuildPhase;
			buildActionMask = 2147483647;
			files = (
			);
			runOnlyForDeploymentPostprocessing = 0;
		};
		B7B5B6DD278E5EEE002BDBEA /* Frameworks */ = {
			isa = PBXFrameworksBuildPhase;
			buildActionMask = 2147483647;
			files = (
				B739C90927AEB4BC00DF5FCF /* SnapKit in Frameworks */,
				B739C90B27AEB4BE00DF5FCF /* Alamofire in Frameworks */,
				B739C90727AEB4B900DF5FCF /* RxCocoa in Frameworks */,
				B739C90527AEB4A900DF5FCF /* RxSwift in Frameworks */,
			);
			runOnlyForDeploymentPostprocessing = 0;
		};
/* End PBXFrameworksBuildPhase section */

/* Begin PBXGroup section */
		B71F24E8278FC691003D8DE3 /* Font */ = {
			isa = PBXGroup;
			children = (
				B71F24ED278FC6A0003D8DE3 /* NotoSansKR-Black.otf */,
				B71F24EC278FC6A0003D8DE3 /* NotoSansKR-Bold.otf */,
				B71F24E9278FC69F003D8DE3 /* NotoSansKR-Light.otf */,
				B71F24EE278FC6A0003D8DE3 /* NotoSansKR-Medium.otf */,
				B71F24EA278FC6A0003D8DE3 /* NotoSansKR-Regular.otf */,
				B71F24EB278FC6A0003D8DE3 /* NotoSansKR-Thin.otf */,
			);
			path = Font;
			sourceTree = "<group>";
		};
		B71F24F5278FCFC8003D8DE3 /* Home */ = {
			isa = PBXGroup;
			children = (
				B76FFD0527930C4D00CA9AEB /* API */,
				B7B5B6E7278E5EEE002BDBEA /* ViewController.swift */,
				B7C8103C279043A800258CC5 /* ViewController+Map.swift */,
				B7C8103E2790534C00258CC5 /* ViewController+Action.swift */,
				B7BBC85827B2AECE003BC76C /* ViewController+CollectionView.swift */,
				B79112A527B6A7980014E7FE /* ViewController+CustomCell.swift */,
			);
			path = Home;
			sourceTree = "<group>";
		};
		B739C90327AEB4A900DF5FCF /* Frameworks */ = {
			isa = PBXGroup;
			children = (
			);
			name = Frameworks;
			sourceTree = "<group>";
		};
		B73B4703278EFD2800A60C37 /* Utill */ = {
			isa = PBXGroup;
			children = (
				B73B4704278EFD3E00A60C37 /* UIScreenSize.swift */,
				B71F24E2278FB23D003D8DE3 /* BaseViewController.swift */,
				B76FFD15279324CB00CA9AEB /* NetworkResult.swift */,
			);
			path = Utill;
			sourceTree = "<group>";
		};
		B76FFD0527930C4D00CA9AEB /* API */ = {
			isa = PBXGroup;
			children = (
				B76FFD062793103900CA9AEB /* GetHomePinAndCard.swift */,
			);
			path = API;
			sourceTree = "<group>";
		};
		B76FFD0D2793165700CA9AEB /* UnitTestAPI */ = {
			isa = PBXGroup;
			children = (
				B76FFD0E2793165700CA9AEB /* UnitTestAPI.swift */,
			);
			path = UnitTestAPI;
			sourceTree = "<group>";
		};
		B79B7BC127964AC400D43640 /* Search */ = {
			isa = PBXGroup;
			children = (
				B79B7BC227964AD400D43640 /* SearchViewController.swift */,
				B79B7BC627965BFB00D43640 /* SearchViewController+Action.swift */,
				B739C90C27AEC85F00DF5FCF /* SearchViewModel.swift */,
			);
			path = Search;
			sourceTree = "<group>";
		};
		B7B5B6D7278E5EED002BDBEA = {
			isa = PBXGroup;
			children = (
				B7B5B6E2278E5EEE002BDBEA /* Pins */,
				B76FFD0D2793165700CA9AEB /* UnitTestAPI */,
				B7B5B6E1278E5EEE002BDBEA /* Products */,
				B739C90327AEB4A900DF5FCF /* Frameworks */,
			);
			sourceTree = "<group>";
		};
		B7B5B6E1278E5EEE002BDBEA /* Products */ = {
			isa = PBXGroup;
			children = (
				B7B5B6E0278E5EEE002BDBEA /* Pins.app */,
				B76FFD0C2793165700CA9AEB /* UnitTestAPI.xctest */,
			);
			name = Products;
			sourceTree = "<group>";
		};
		B7B5B6E2278E5EEE002BDBEA /* Pins */ = {
			isa = PBXGroup;
			children = (
				B79B7BC127964AC400D43640 /* Search */,
				B7BC719027952BD800A229A0 /* Extension */,
				B71F24F5278FCFC8003D8DE3 /* Home */,
				B71F24E8278FC691003D8DE3 /* Font */,
				B73B4703278EFD2800A60C37 /* Utill */,
				B7B5B6FA278E60A9002BDBEA /* CustomUI */,
				B7B5B6E3278E5EEE002BDBEA /* AppDelegate.swift */,
				B7B5B6E5278E5EEE002BDBEA /* SceneDelegate.swift */,
				B7B5B6E9278E5EEE002BDBEA /* Main.storyboard */,
				B7B5B6EF278E5EEF002BDBEA /* Assets.xcassets */,
				B7B5B6F1278E5EEF002BDBEA /* LaunchScreen.storyboard */,
				B7B5B6F4278E5EEF002BDBEA /* Info.plist */,
				B7B5B6EC278E5EEE002BDBEA /* Pins.xcdatamodeld */,
			);
			path = Pins;
			sourceTree = "<group>";
		};
		B7B5B6FA278E60A9002BDBEA /* CustomUI */ = {
			isa = PBXGroup;
			children = (
				B7B5B6FB278E60E2002BDBEA /* CustomButton.swift */,
				B71F24E6278FC33A003D8DE3 /* CustomLabel.swift */,
				B79B7BC42796557200D43640 /* CustomTextField.swift */,
				B7BBC85627B2A86B003BC76C /* CustomCollectionView.swift */,
				B79112A727B6AB4E0014E7FE /* CustomImage.swift */,
			);
			path = CustomUI;
			sourceTree = "<group>";
		};
		B7BC719027952BD800A229A0 /* Extension */ = {
			isa = PBXGroup;
			children = (
				B73B4706278F02D300A60C37 /* Extension+UIColor.swift */,
				B74EC84D2791CC9B005745C0 /* Extension+UIView.swift */,
			);
			path = Extension;
			sourceTree = "<group>";
		};
/* End PBXGroup section */

/* Begin PBXNativeTarget section */
		B76FFD0B2793165700CA9AEB /* UnitTestAPI */ = {
			isa = PBXNativeTarget;
			buildConfigurationList = B76FFD122793165700CA9AEB /* Build configuration list for PBXNativeTarget "UnitTestAPI" */;
			buildPhases = (
				B76FFD082793165700CA9AEB /* Sources */,
				B76FFD092793165700CA9AEB /* Frameworks */,
				B76FFD0A2793165700CA9AEB /* Resources */,
			);
			buildRules = (
			);
			dependencies = (
				B76FFD112793165700CA9AEB /* PBXTargetDependency */,
			);
			name = UnitTestAPI;
			productName = UnitTestAPI;
			productReference = B76FFD0C2793165700CA9AEB /* UnitTestAPI.xctest */;
			productType = "com.apple.product-type.bundle.unit-test";
		};
		B7B5B6DF278E5EEE002BDBEA /* Pins */ = {
			isa = PBXNativeTarget;
			buildConfigurationList = B7B5B6F7278E5EEF002BDBEA /* Build configuration list for PBXNativeTarget "Pins" */;
			buildPhases = (
				B7B5B6DC278E5EEE002BDBEA /* Sources */,
				B7B5B6DD278E5EEE002BDBEA /* Frameworks */,
				B7B5B6DE278E5EEE002BDBEA /* Resources */,
				B76FFCFA2793009200CA9AEB /* Embed Frameworks */,
			);
			buildRules = (
			);
			dependencies = (
			);
			name = Pins;
			packageProductDependencies = (
				B739C90427AEB4A900DF5FCF /* RxSwift */,
				B739C90627AEB4B900DF5FCF /* RxCocoa */,
				B739C90827AEB4BC00DF5FCF /* SnapKit */,
				B739C90A27AEB4BE00DF5FCF /* Alamofire */,
			);
			productName = Pins;
			productReference = B7B5B6E0278E5EEE002BDBEA /* Pins.app */;
			productType = "com.apple.product-type.application";
		};
/* End PBXNativeTarget section */

/* Begin PBXProject section */
		B7B5B6D8278E5EED002BDBEA /* Project object */ = {
			isa = PBXProject;
			attributes = {
				BuildIndependentTargetsInParallel = 1;
				LastSwiftUpdateCheck = 1320;
				LastUpgradeCheck = 1320;
				TargetAttributes = {
					B76FFD0B2793165700CA9AEB = {
						CreatedOnToolsVersion = 13.2;
						TestTargetID = B7B5B6DF278E5EEE002BDBEA;
					};
					B7B5B6DF278E5EEE002BDBEA = {
						CreatedOnToolsVersion = 13.2;
					};
				};
			};
			buildConfigurationList = B7B5B6DB278E5EED002BDBEA /* Build configuration list for PBXProject "Pins" */;
			compatibilityVersion = "Xcode 13.0";
			developmentRegion = en;
			hasScannedForEncodings = 0;
			knownRegions = (
				en,
				Base,
			);
			mainGroup = B7B5B6D7278E5EED002BDBEA;
			packageReferences = (
				B73B4700278EEEBE00A60C37 /* XCRemoteSwiftPackageReference "SnapKit" */,
				B76FFCE42792FEDC00CA9AEB /* XCRemoteSwiftPackageReference "RxSwift" */,
				B76FFD002793087A00CA9AEB /* XCRemoteSwiftPackageReference "Alamofire" */,
			);
			productRefGroup = B7B5B6E1278E5EEE002BDBEA /* Products */;
			projectDirPath = "";
			projectRoot = "";
			targets = (
				B7B5B6DF278E5EEE002BDBEA /* Pins */,
				B76FFD0B2793165700CA9AEB /* UnitTestAPI */,
			);
		};
/* End PBXProject section */

/* Begin PBXResourcesBuildPhase section */
		B76FFD0A2793165700CA9AEB /* Resources */ = {
			isa = PBXResourcesBuildPhase;
			buildActionMask = 2147483647;
			files = (
			);
			runOnlyForDeploymentPostprocessing = 0;
		};
		B7B5B6DE278E5EEE002BDBEA /* Resources */ = {
			isa = PBXResourcesBuildPhase;
			buildActionMask = 2147483647;
			files = (
				B71F24F1278FC6A1003D8DE3 /* NotoSansKR-Thin.otf in Resources */,
				B71F24F2278FC6A1003D8DE3 /* NotoSansKR-Bold.otf in Resources */,
				B7B5B6F3278E5EEF002BDBEA /* LaunchScreen.storyboard in Resources */,
				B71F24F4278FC6A1003D8DE3 /* NotoSansKR-Medium.otf in Resources */,
				B7B5B6F0278E5EEF002BDBEA /* Assets.xcassets in Resources */,
				B71F24EF278FC6A0003D8DE3 /* NotoSansKR-Light.otf in Resources */,
				B7B5B6EB278E5EEE002BDBEA /* Main.storyboard in Resources */,
				B71F24F0278FC6A1003D8DE3 /* NotoSansKR-Regular.otf in Resources */,
				B71F24F3278FC6A1003D8DE3 /* NotoSansKR-Black.otf in Resources */,
			);
			runOnlyForDeploymentPostprocessing = 0;
		};
/* End PBXResourcesBuildPhase section */

/* Begin PBXSourcesBuildPhase section */
		B76FFD082793165700CA9AEB /* Sources */ = {
			isa = PBXSourcesBuildPhase;
			buildActionMask = 2147483647;
			files = (
				B76FFD0F2793165700CA9AEB /* UnitTestAPI.swift in Sources */,
			);
			runOnlyForDeploymentPostprocessing = 0;
		};
		B7B5B6DC278E5EEE002BDBEA /* Sources */ = {
			isa = PBXSourcesBuildPhase;
			buildActionMask = 2147483647;
			files = (
				B73B4705278EFD3E00A60C37 /* UIScreenSize.swift in Sources */,
				B7C8103F2790534C00258CC5 /* ViewController+Action.swift in Sources */,
				B7BBC85727B2A86B003BC76C /* CustomCollectionView.swift in Sources */,
				B79B7BC327964AD400D43640 /* SearchViewController.swift in Sources */,
				B74EC84E2791CC9B005745C0 /* Extension+UIView.swift in Sources */,
				B739C90D27AEC85F00DF5FCF /* SearchViewModel.swift in Sources */,
				B71F24E7278FC33A003D8DE3 /* CustomLabel.swift in Sources */,
				B76FFD072793103900CA9AEB /* GetHomePinAndCard.swift in Sources */,
				B7B5B6E8278E5EEE002BDBEA /* ViewController.swift in Sources */,
				B79B7BC52796557200D43640 /* CustomTextField.swift in Sources */,
				B73B4707278F02D300A60C37 /* Extension+UIColor.swift in Sources */,
				B79112A627B6A7980014E7FE /* ViewController+CustomCell.swift in Sources */,
				B7B5B6FC278E60E2002BDBEA /* CustomButton.swift in Sources */,
				B79B7BC727965BFB00D43640 /* SearchViewController+Action.swift in Sources */,
				B79112A827B6AB4E0014E7FE /* CustomImage.swift in Sources */,
				B7C8103D279043A800258CC5 /* ViewController+Map.swift in Sources */,
				B7B5B6E4278E5EEE002BDBEA /* AppDelegate.swift in Sources */,
				B71F24E3278FB23D003D8DE3 /* BaseViewController.swift in Sources */,
				B7B5B6E6278E5EEE002BDBEA /* SceneDelegate.swift in Sources */,
				B7B5B6EE278E5EEE002BDBEA /* Pins.xcdatamodeld in Sources */,
				B76FFD16279324CB00CA9AEB /* NetworkResult.swift in Sources */,
				B7BBC85927B2AECE003BC76C /* ViewController+CollectionView.swift in Sources */,
			);
			runOnlyForDeploymentPostprocessing = 0;
		};
/* End PBXSourcesBuildPhase section */

/* Begin PBXTargetDependency section */
		B76FFD112793165700CA9AEB /* PBXTargetDependency */ = {
			isa = PBXTargetDependency;
			target = B7B5B6DF278E5EEE002BDBEA /* Pins */;
			targetProxy = B76FFD102793165700CA9AEB /* PBXContainerItemProxy */;
		};
/* End PBXTargetDependency section */

/* Begin PBXVariantGroup section */
		B7B5B6E9278E5EEE002BDBEA /* Main.storyboard */ = {
			isa = PBXVariantGroup;
			children = (
				B7B5B6EA278E5EEE002BDBEA /* Base */,
			);
			name = Main.storyboard;
			sourceTree = "<group>";
		};
		B7B5B6F1278E5EEF002BDBEA /* LaunchScreen.storyboard */ = {
			isa = PBXVariantGroup;
			children = (
				B7B5B6F2278E5EEF002BDBEA /* Base */,
			);
			name = LaunchScreen.storyboard;
			sourceTree = "<group>";
		};
/* End PBXVariantGroup section */

/* Begin XCBuildConfiguration section */
		B76FFD132793165700CA9AEB /* Debug */ = {
			isa = XCBuildConfiguration;
			buildSettings = {
				BUNDLE_LOADER = "$(TEST_HOST)";
				CODE_SIGN_STYLE = Automatic;
				CURRENT_PROJECT_VERSION = 1;
				DEVELOPMENT_TEAM = X843D4L2C2;
				GENERATE_INFOPLIST_FILE = YES;
				IPHONEOS_DEPLOYMENT_TARGET = 15.2;
				MARKETING_VERSION = 1.0;
				PRODUCT_BUNDLE_IDENTIFIER = com.judongseok.UnitTestAPI;
				PRODUCT_NAME = "$(TARGET_NAME)";
				SWIFT_EMIT_LOC_STRINGS = NO;
				SWIFT_VERSION = 5.0;
				TARGETED_DEVICE_FAMILY = "1,2";
				TEST_HOST = "$(BUILT_PRODUCTS_DIR)/Pins.app/Pins";
			};
			name = Debug;
		};
		B76FFD142793165700CA9AEB /* Release */ = {
			isa = XCBuildConfiguration;
			buildSettings = {
				BUNDLE_LOADER = "$(TEST_HOST)";
				CODE_SIGN_STYLE = Automatic;
				CURRENT_PROJECT_VERSION = 1;
				DEVELOPMENT_TEAM = X843D4L2C2;
				GENERATE_INFOPLIST_FILE = YES;
				IPHONEOS_DEPLOYMENT_TARGET = 15.2;
				MARKETING_VERSION = 1.0;
				PRODUCT_BUNDLE_IDENTIFIER = com.judongseok.UnitTestAPI;
				PRODUCT_NAME = "$(TARGET_NAME)";
				SWIFT_EMIT_LOC_STRINGS = NO;
				SWIFT_VERSION = 5.0;
				TARGETED_DEVICE_FAMILY = "1,2";
				TEST_HOST = "$(BUILT_PRODUCTS_DIR)/Pins.app/Pins";
			};
			name = Release;
		};
		B7B5B6F5278E5EEF002BDBEA /* Debug */ = {
			isa = XCBuildConfiguration;
			buildSettings = {
				ALWAYS_SEARCH_USER_PATHS = NO;
				CLANG_ANALYZER_NONNULL = YES;
				CLANG_ANALYZER_NUMBER_OBJECT_CONVERSION = YES_AGGRESSIVE;
				CLANG_CXX_LANGUAGE_STANDARD = "gnu++17";
				CLANG_CXX_LIBRARY = "libc++";
				CLANG_ENABLE_MODULES = YES;
				CLANG_ENABLE_OBJC_ARC = YES;
				CLANG_ENABLE_OBJC_WEAK = YES;
				CLANG_WARN_BLOCK_CAPTURE_AUTORELEASING = YES;
				CLANG_WARN_BOOL_CONVERSION = YES;
				CLANG_WARN_COMMA = YES;
				CLANG_WARN_CONSTANT_CONVERSION = YES;
				CLANG_WARN_DEPRECATED_OBJC_IMPLEMENTATIONS = YES;
				CLANG_WARN_DIRECT_OBJC_ISA_USAGE = YES_ERROR;
				CLANG_WARN_DOCUMENTATION_COMMENTS = YES;
				CLANG_WARN_EMPTY_BODY = YES;
				CLANG_WARN_ENUM_CONVERSION = YES;
				CLANG_WARN_INFINITE_RECURSION = YES;
				CLANG_WARN_INT_CONVERSION = YES;
				CLANG_WARN_NON_LITERAL_NULL_CONVERSION = YES;
				CLANG_WARN_OBJC_IMPLICIT_RETAIN_SELF = YES;
				CLANG_WARN_OBJC_LITERAL_CONVERSION = YES;
				CLANG_WARN_OBJC_ROOT_CLASS = YES_ERROR;
				CLANG_WARN_QUOTED_INCLUDE_IN_FRAMEWORK_HEADER = YES;
				CLANG_WARN_RANGE_LOOP_ANALYSIS = YES;
				CLANG_WARN_STRICT_PROTOTYPES = YES;
				CLANG_WARN_SUSPICIOUS_MOVE = YES;
				CLANG_WARN_UNGUARDED_AVAILABILITY = YES_AGGRESSIVE;
				CLANG_WARN_UNREACHABLE_CODE = YES;
				CLANG_WARN__DUPLICATE_METHOD_MATCH = YES;
				COPY_PHASE_STRIP = NO;
				DEBUG_INFORMATION_FORMAT = dwarf;
				ENABLE_STRICT_OBJC_MSGSEND = YES;
				ENABLE_TESTABILITY = YES;
				GCC_C_LANGUAGE_STANDARD = gnu11;
				GCC_DYNAMIC_NO_PIC = NO;
				GCC_NO_COMMON_BLOCKS = YES;
				GCC_OPTIMIZATION_LEVEL = 0;
				GCC_PREPROCESSOR_DEFINITIONS = (
					"DEBUG=1",
					"$(inherited)",
				);
				GCC_WARN_64_TO_32_BIT_CONVERSION = YES;
				GCC_WARN_ABOUT_RETURN_TYPE = YES_ERROR;
				GCC_WARN_UNDECLARED_SELECTOR = YES;
				GCC_WARN_UNINITIALIZED_AUTOS = YES_AGGRESSIVE;
				GCC_WARN_UNUSED_FUNCTION = YES;
				GCC_WARN_UNUSED_VARIABLE = YES;
				IPHONEOS_DEPLOYMENT_TARGET = 15.0;
				MTL_ENABLE_DEBUG_INFO = INCLUDE_SOURCE;
				MTL_FAST_MATH = YES;
				ONLY_ACTIVE_ARCH = YES;
				SDKROOT = iphoneos;
				SWIFT_ACTIVE_COMPILATION_CONDITIONS = DEBUG;
				SWIFT_OPTIMIZATION_LEVEL = "-Onone";
			};
			name = Debug;
		};
		B7B5B6F6278E5EEF002BDBEA /* Release */ = {
			isa = XCBuildConfiguration;
			buildSettings = {
				ALWAYS_SEARCH_USER_PATHS = NO;
				CLANG_ANALYZER_NONNULL = YES;
				CLANG_ANALYZER_NUMBER_OBJECT_CONVERSION = YES_AGGRESSIVE;
				CLANG_CXX_LANGUAGE_STANDARD = "gnu++17";
				CLANG_CXX_LIBRARY = "libc++";
				CLANG_ENABLE_MODULES = YES;
				CLANG_ENABLE_OBJC_ARC = YES;
				CLANG_ENABLE_OBJC_WEAK = YES;
				CLANG_WARN_BLOCK_CAPTURE_AUTORELEASING = YES;
				CLANG_WARN_BOOL_CONVERSION = YES;
				CLANG_WARN_COMMA = YES;
				CLANG_WARN_CONSTANT_CONVERSION = YES;
				CLANG_WARN_DEPRECATED_OBJC_IMPLEMENTATIONS = YES;
				CLANG_WARN_DIRECT_OBJC_ISA_USAGE = YES_ERROR;
				CLANG_WARN_DOCUMENTATION_COMMENTS = YES;
				CLANG_WARN_EMPTY_BODY = YES;
				CLANG_WARN_ENUM_CONVERSION = YES;
				CLANG_WARN_INFINITE_RECURSION = YES;
				CLANG_WARN_INT_CONVERSION = YES;
				CLANG_WARN_NON_LITERAL_NULL_CONVERSION = YES;
				CLANG_WARN_OBJC_IMPLICIT_RETAIN_SELF = YES;
				CLANG_WARN_OBJC_LITERAL_CONVERSION = YES;
				CLANG_WARN_OBJC_ROOT_CLASS = YES_ERROR;
				CLANG_WARN_QUOTED_INCLUDE_IN_FRAMEWORK_HEADER = YES;
				CLANG_WARN_RANGE_LOOP_ANALYSIS = YES;
				CLANG_WARN_STRICT_PROTOTYPES = YES;
				CLANG_WARN_SUSPICIOUS_MOVE = YES;
				CLANG_WARN_UNGUARDED_AVAILABILITY = YES_AGGRESSIVE;
				CLANG_WARN_UNREACHABLE_CODE = YES;
				CLANG_WARN__DUPLICATE_METHOD_MATCH = YES;
				COPY_PHASE_STRIP = NO;
				DEBUG_INFORMATION_FORMAT = "dwarf-with-dsym";
				ENABLE_NS_ASSERTIONS = NO;
				ENABLE_STRICT_OBJC_MSGSEND = YES;
				GCC_C_LANGUAGE_STANDARD = gnu11;
				GCC_NO_COMMON_BLOCKS = YES;
				GCC_WARN_64_TO_32_BIT_CONVERSION = YES;
				GCC_WARN_ABOUT_RETURN_TYPE = YES_ERROR;
				GCC_WARN_UNDECLARED_SELECTOR = YES;
				GCC_WARN_UNINITIALIZED_AUTOS = YES_AGGRESSIVE;
				GCC_WARN_UNUSED_FUNCTION = YES;
				GCC_WARN_UNUSED_VARIABLE = YES;
				IPHONEOS_DEPLOYMENT_TARGET = 15.0;
				MTL_ENABLE_DEBUG_INFO = NO;
				MTL_FAST_MATH = YES;
				SDKROOT = iphoneos;
				SWIFT_COMPILATION_MODE = wholemodule;
				SWIFT_OPTIMIZATION_LEVEL = "-O";
				VALIDATE_PRODUCT = YES;
			};
			name = Release;
		};
		B7B5B6F8278E5EEF002BDBEA /* Debug */ = {
			isa = XCBuildConfiguration;
			buildSettings = {
				ASSETCATALOG_COMPILER_APPICON_NAME = AppIcon;
				ASSETCATALOG_COMPILER_GLOBAL_ACCENT_COLOR_NAME = AccentColor;
				CODE_SIGN_STYLE = Automatic;
				CURRENT_PROJECT_VERSION = 1;
				DEVELOPMENT_TEAM = X843D4L2C2;
				GENERATE_INFOPLIST_FILE = YES;
				INFOPLIST_FILE = Pins/Info.plist;
				INFOPLIST_KEY_UIApplicationSupportsIndirectInputEvents = YES;
				INFOPLIST_KEY_UILaunchStoryboardName = LaunchScreen;
				INFOPLIST_KEY_UIMainStoryboardFile = Main;
				INFOPLIST_KEY_UISupportedInterfaceOrientations_iPad = "UIInterfaceOrientationPortrait UIInterfaceOrientationPortraitUpsideDown UIInterfaceOrientationLandscapeLeft UIInterfaceOrientationLandscapeRight";
				INFOPLIST_KEY_UISupportedInterfaceOrientations_iPhone = "UIInterfaceOrientationPortrait UIInterfaceOrientationLandscapeLeft UIInterfaceOrientationLandscapeRight";
				LD_RUNPATH_SEARCH_PATHS = (
					"$(inherited)",
					"@executable_path/Frameworks",
				);
				MARKETING_VERSION = 1.0;
				PRODUCT_BUNDLE_IDENTIFIER = com.judongseok.Pins;
				PRODUCT_NAME = "$(TARGET_NAME)";
				SWIFT_EMIT_LOC_STRINGS = YES;
				SWIFT_VERSION = 5.0;
				TARGETED_DEVICE_FAMILY = "1,2";
			};
			name = Debug;
		};
		B7B5B6F9278E5EEF002BDBEA /* Release */ = {
			isa = XCBuildConfiguration;
			buildSettings = {
				ASSETCATALOG_COMPILER_APPICON_NAME = AppIcon;
				ASSETCATALOG_COMPILER_GLOBAL_ACCENT_COLOR_NAME = AccentColor;
				CODE_SIGN_STYLE = Automatic;
				CURRENT_PROJECT_VERSION = 1;
				DEVELOPMENT_TEAM = X843D4L2C2;
				GENERATE_INFOPLIST_FILE = YES;
				INFOPLIST_FILE = Pins/Info.plist;
				INFOPLIST_KEY_UIApplicationSupportsIndirectInputEvents = YES;
				INFOPLIST_KEY_UILaunchStoryboardName = LaunchScreen;
				INFOPLIST_KEY_UIMainStoryboardFile = Main;
				INFOPLIST_KEY_UISupportedInterfaceOrientations_iPad = "UIInterfaceOrientationPortrait UIInterfaceOrientationPortraitUpsideDown UIInterfaceOrientationLandscapeLeft UIInterfaceOrientationLandscapeRight";
				INFOPLIST_KEY_UISupportedInterfaceOrientations_iPhone = "UIInterfaceOrientationPortrait UIInterfaceOrientationLandscapeLeft UIInterfaceOrientationLandscapeRight";
				LD_RUNPATH_SEARCH_PATHS = (
					"$(inherited)",
					"@executable_path/Frameworks",
				);
				MARKETING_VERSION = 1.0;
				PRODUCT_BUNDLE_IDENTIFIER = com.judongseok.Pins;
				PRODUCT_NAME = "$(TARGET_NAME)";
				SWIFT_EMIT_LOC_STRINGS = YES;
				SWIFT_VERSION = 5.0;
				TARGETED_DEVICE_FAMILY = "1,2";
			};
			name = Release;
		};
/* End XCBuildConfiguration section */

/* Begin XCConfigurationList section */
		B76FFD122793165700CA9AEB /* Build configuration list for PBXNativeTarget "UnitTestAPI" */ = {
			isa = XCConfigurationList;
			buildConfigurations = (
				B76FFD132793165700CA9AEB /* Debug */,
				B76FFD142793165700CA9AEB /* Release */,
			);
			defaultConfigurationIsVisible = 0;
			defaultConfigurationName = Release;
		};
		B7B5B6DB278E5EED002BDBEA /* Build configuration list for PBXProject "Pins" */ = {
			isa = XCConfigurationList;
			buildConfigurations = (
				B7B5B6F5278E5EEF002BDBEA /* Debug */,
				B7B5B6F6278E5EEF002BDBEA /* Release */,
			);
			defaultConfigurationIsVisible = 0;
			defaultConfigurationName = Release;
		};
		B7B5B6F7278E5EEF002BDBEA /* Build configuration list for PBXNativeTarget "Pins" */ = {
			isa = XCConfigurationList;
			buildConfigurations = (
				B7B5B6F8278E5EEF002BDBEA /* Debug */,
				B7B5B6F9278E5EEF002BDBEA /* Release */,
			);
			defaultConfigurationIsVisible = 0;
			defaultConfigurationName = Release;
		};
/* End XCConfigurationList section */

/* Begin XCRemoteSwiftPackageReference section */
		B73B4700278EEEBE00A60C37 /* XCRemoteSwiftPackageReference "SnapKit" */ = {
			isa = XCRemoteSwiftPackageReference;
			repositoryURL = "https://github.com/SnapKit/SnapKit.git";
			requirement = {
				kind = upToNextMajorVersion;
				minimumVersion = 5.0.0;
			};
		};
		B76FFCE42792FEDC00CA9AEB /* XCRemoteSwiftPackageReference "RxSwift" */ = {
			isa = XCRemoteSwiftPackageReference;
			repositoryURL = "https://github.com/ReactiveX/RxSwift";
			requirement = {
				kind = upToNextMajorVersion;
				minimumVersion = 6.0.0;
			};
		};
		B76FFD002793087A00CA9AEB /* XCRemoteSwiftPackageReference "Alamofire" */ = {
			isa = XCRemoteSwiftPackageReference;
			repositoryURL = "https://github.com/Alamofire/Alamofire";
			requirement = {
				kind = upToNextMajorVersion;
				minimumVersion = 5.0.0;
			};
		};
/* End XCRemoteSwiftPackageReference section */

/* Begin XCSwiftPackageProductDependency section */
		B739C90427AEB4A900DF5FCF /* RxSwift */ = {
			isa = XCSwiftPackageProductDependency;
			package = B76FFCE42792FEDC00CA9AEB /* XCRemoteSwiftPackageReference "RxSwift" */;
			productName = RxSwift;
		};
		B739C90627AEB4B900DF5FCF /* RxCocoa */ = {
			isa = XCSwiftPackageProductDependency;
			package = B76FFCE42792FEDC00CA9AEB /* XCRemoteSwiftPackageReference "RxSwift" */;
			productName = RxCocoa;
		};
		B739C90827AEB4BC00DF5FCF /* SnapKit */ = {
			isa = XCSwiftPackageProductDependency;
			package = B73B4700278EEEBE00A60C37 /* XCRemoteSwiftPackageReference "SnapKit" */;
			productName = SnapKit;
		};
		B739C90A27AEB4BE00DF5FCF /* Alamofire */ = {
			isa = XCSwiftPackageProductDependency;
			package = B76FFD002793087A00CA9AEB /* XCRemoteSwiftPackageReference "Alamofire" */;
			productName = Alamofire;
		};
/* End XCSwiftPackageProductDependency section */

/* Begin XCVersionGroup section */
		B7B5B6EC278E5EEE002BDBEA /* Pins.xcdatamodeld */ = {
			isa = XCVersionGroup;
			children = (
				B7B5B6ED278E5EEE002BDBEA /* Pins.xcdatamodel */,
			);
			currentVersion = B7B5B6ED278E5EEE002BDBEA /* Pins.xcdatamodel */;
			path = Pins.xcdatamodeld;
			sourceTree = "<group>";
			versionGroupType = wrapper.xcdatamodel;
		};
/* End XCVersionGroup section */
	};
	rootObject = B7B5B6D8278E5EED002BDBEA /* Project object */;
}
